<?xml version="1.0" encoding="UTF-8" standalone="yes" ?>
<CodeBlocks_project_file>
	<FileVersion major="1" minor="6" />
	<Project>
		<Option title="jrcpp_cb" />
		<Option makefile="makefile" />
		<Option pch_mode="2" />
		<Option compiler="gcc" />
		<Build>
			<Target title="Debug">
				<Option output="jrcpp_cb" prefix_auto="1" extension_auto="1" />
				<Option working_dir="C:\cygwin\home\Julian\jrcpp" />
				<Option object_output="obj\Debug\" />
				<Option type="1" />
				<Option compiler="gcc" />
				<Compiler>
					<Add option="-g" />
					<Add option="-DUNIT_TESTS" />
				</Compiler>
				<Linker>
					<Add library="..\gtest\gtest-1.6.0\lib\libgtest_main.a" />
					<Add library="..\gtest\gtest-1.6.0\lib\libgtest.a" />
					<Add library="..\..\..\..\MinGW\lib\libxerces-c.a" />
					<Add library="..\..\..\..\MinGW\lib\libmenu.a" />
					<Add library="..\..\..\..\MinGW\lib\libncurses.a" />
					<Add library="..\..\..\..\MinGW\lib\libboost_filesystem-mgw46-mt-1_48.a" />
					<Add library="..\..\..\..\MinGW\lib\libboost_filesystem-mgw46-mt-d-1_48.a" />
					<Add library="..\..\..\..\MinGW\lib\libboost_system-mgw46-mt-1_48.a" />
					<Add library="..\..\..\..\MinGW\lib\libboost_system-mgw46-mt-d-1_48.a" />
					<Add library="..\..\..\..\MinGW\lib\libboost_date_time-mgw46-mt-1_48.a" />
					<Add library="..\..\..\..\MinGW\lib\libboost_date_time-mgw46-mt-d-1_48.a" />
				</Linker>
			</Target>
			<Target title="Release">
				<Option output="bin\Release\jrcpp_cb" prefix_auto="1" extension_auto="1" />
				<Option object_output="obj\Release\" />
				<Option type="1" />
				<Option compiler="gcc" />
				<Compiler>
					<Add option="-O2" />
				</Compiler>
				<Linker>
					<Add option="-s" />
					<Add library="..\gtest\gtest-1.6.0\lib\libgtest.a" />
					<Add library="..\gtest\gtest-1.6.0\lib\libgtest_main.a" />
					<Add library="..\..\..\..\MinGW\lib\libxerces-c.a" />
					<Add library="..\..\..\..\MinGW\lib\libmenu.a" />
					<Add library="..\..\..\..\MinGW\lib\libncurses.a" />
				</Linker>
			</Target>
			<Target title="MapTester">
				<Option output="MapTester" prefix_auto="1" extension_auto="1" />
				<Option type="0" />
				<Option compiler="gcc" />
				<Compiler>
					<Add option="-pg" />
					<Add option="-g" />
				</Compiler>
				<Linker>
					<Add option="-pg -lgmon" />
					<Add library="..\gtest\gtest-1.6.0\lib\libgtest_main.a" />
					<Add library="..\gtest\gtest-1.6.0\lib\libgtest.a" />
					<Add library="..\..\..\..\MinGW\lib\libxerces-c.a" />
					<Add library="..\..\..\..\MinGW\lib\libmenu.a" />
					<Add library="..\..\..\..\MinGW\lib\libncurses.a" />
					<Add library="..\..\..\..\MinGW\lib\libboost_filesystem-mgw46-mt-1_48.a" />
					<Add library="..\..\..\..\MinGW\lib\libboost_filesystem-mgw46-mt-d-1_48.a" />
					<Add library="..\..\..\..\MinGW\lib\libboost_system-mgw46-mt-1_48.a" />
					<Add library="..\..\..\..\MinGW\lib\libboost_system-mgw46-mt-d-1_48.a" />
					<Add library="..\..\..\..\MinGW\lib\libboost_date_time-mgw46-mt-1_48.a" />
					<Add library="..\..\..\..\MinGW\lib\libboost_date_time-mgw46-mt-d-1_48.a" />
				</Linker>
			</Target>
		</Build>
		<Compiler>
			<Add option="-Wshadow" />
			<Add option="-Winit-self" />
			<Add option="-Wredundant-decls" />
			<Add option="-Wcast-align" />
			<Add option="-Wfloat-equal" />
			<Add option="-Winline" />
			<Add option="-Wunreachable-code" />
			<Add option="-Wmissing-declarations" />
			<Add option="-Wmissing-include-dirs" />
			<Add option="-Wswitch-enum" />
			<Add option="-Wswitch-default" />
			<Add option="-Wmain" />
			<Add option="-Wall" />
			<Add option="-pg" />
			<Add option="-g" />
			<Add option="-fexceptions" />
			<Add option="-DUNIT_TESTS" />
		</Compiler>
		<Linker>
			<Add option="-pg -lgmon" />
		</Linker>
		<Unit filename="MapTester.cpp">
			<Option target="Release" />
			<Option target="MapTester" />
		</Unit>
		<Unit filename="SavageLands.cpp">
			<Option target="Debug" />
			<Option target="Release" />
		</Unit>
		<Unit filename="controller\include\Controller.hpp" />
		<Unit filename="controller\include\NCursesKeyboardController.hpp" />
		<Unit filename="controller\source\NCursesKeyboardController.cpp" />
		<Unit filename="display\include\Display.hpp" />
		<Unit filename="display\include\DisplayMap.hpp" />
		<Unit filename="display\include\DisplayStatistics.hpp" />
		<Unit filename="display\include\DisplayTile.hpp" />
		<Unit filename="display\include\NCursesConstants.hpp" />
		<Unit filename="display\include\NCursesDisplay.hpp" />
		<Unit filename="display\include\NCursesMenuWrapper.hpp" />
		<Unit filename="display\include\NCursesPromptProcessor.hpp" />
		<Unit filename="display\include\NCursesUtils.hpp" />
		<Unit filename="display\source\Display.cpp" />
		<Unit filename="display\source\DisplayMap.cpp" />
		<Unit filename="display\source\DisplayStatistics.cpp" />
		<Unit filename="display\source\DisplayTile.cpp" />
		<Unit filename="display\source\NCursesDisplay.cpp" />
		<Unit filename="display\source\NCursesMenuWrapper.cpp" />
		<Unit filename="display\source\NCursesPromptProcessor.cpp" />
		<Unit filename="display\source\NCursesUtils.cpp" />
		<Unit filename="display\source\unit_tests\Display_test.cpp">
			<Option target="Release" />
		</Unit>
		<Unit filename="engine\XML\include\XMLClassesReader.hpp" />
		<Unit filename="engine\XML\include\XMLConfigurationReader.hpp" />
		<Unit filename="engine\XML\include\XMLDataStructures.hpp" />
		<Unit filename="engine\XML\include\XMLFileReader.hpp" />
		<Unit filename="engine\XML\include\XMLRacesReader.hpp" />
		<Unit filename="engine\XML\include\XMLResistancesReader.hpp" />
		<Unit filename="engine\XML\include\XMLSkillsReaders.hpp" />
		<Unit filename="engine\XML\include\XMLTilesReader.hpp" />
		<Unit filename="engine\XML\source\XMLClassesReader.cpp" />
		<Unit filename="engine\XML\source\XMLConfigurationReader.cpp" />
		<Unit filename="engine\XML\source\XMLDataStructures.cpp" />
		<Unit filename="engine\XML\source\XMLFileReader.cpp" />
		<Unit filename="engine\XML\source\XMLRacesReader.cpp" />
		<Unit filename="engine\XML\source\XMLResistancesReader.cpp" />
		<Unit filename="engine\XML\source\XMLSkillsReaders.cpp" />
		<Unit filename="engine\XML\source\XMLTilesReader.cpp" />
		<Unit filename="engine\calculators\include\ArcanaPointsCalculator.hpp" />
		<Unit filename="engine\calculators\include\HitPointsCalculator.hpp" />
		<Unit filename="engine\calculators\include\ResistancesCalculator.hpp" />
		<Unit filename="engine\calculators\include\SkillsCalculator.hpp" />
		<Unit filename="engine\calculators\source\ArcanaPointsCalculator.cpp" />
		<Unit filename="engine\calculators\source\HitPointsCalculator.cpp" />
		<Unit filename="engine\calculators\source\ResistancesCalculator.cpp" />
		<Unit filename="engine\calculators\source\SkillsCalculator.cpp" />
		<Unit filename="engine\calculators\source\unit_tests\ResistancesCalculator_test.cpp">
			<Option target="Release" />
		</Unit>
		<Unit filename="engine\calculators\source\unit_tests\SkillsCalculator_test.cpp">
			<Option target="Release" />
		</Unit>
		<Unit filename="engine\commands\include\Command.hpp" />
		<Unit filename="engine\commands\include\CommandFactory.hpp" />
		<Unit filename="engine\commands\include\CommandKeys.hpp" />
		<Unit filename="engine\commands\include\CommandProcessor.hpp" />
		<Unit filename="engine\commands\include\Commands.hpp" />
		<Unit filename="engine\commands\include\KeyboardCommandMap.hpp" />
		<Unit filename="engine\commands\source\Command.cpp" />
		<Unit filename="engine\commands\source\CommandFactory.cpp" />
		<Unit filename="engine\commands\source\CommandKeys.cpp" />
		<Unit filename="engine\commands\source\CommandProcessor.cpp" />
		<Unit filename="engine\commands\source\Commands.cpp" />
		<Unit filename="engine\commands\source\KeyboardCommandMap.cpp" />
		<Unit filename="engine\decision_strategies\include\DecisionStrategy.hpp" />
		<Unit filename="engine\decision_strategies\include\PlayerDecisionStrategy.hpp" />
		<Unit filename="engine\decision_strategies\source\PlayerDecisionStrategy.cpp" />
		<Unit filename="engine\generators\include\CavernGenerator.hpp" />
		<Unit filename="engine\generators\include\CellularAutomataGenerator.hpp" />
		<Unit filename="engine\generators\include\DungeonGenerator.hpp" />
		<Unit filename="engine\generators\include\FieldGenerator.hpp" />
		<Unit filename="engine\generators\include\ForestGenerator.hpp" />
		<Unit filename="engine\generators\include\Generator.hpp" />
		<Unit filename="engine\generators\include\KeepRuinsGenerator.hpp" />
		<Unit filename="engine\generators\include\MarshGenerator.hpp" />
		<Unit filename="engine\generators\include\RoadGenerator.hpp" />
		<Unit filename="engine\generators\include\RuinsGenerator.hpp" />
		<Unit filename="engine\generators\include\SettlementGenerator.hpp" />
		<Unit filename="engine\generators\include\SettlementRuinsGenerator.hpp" />
		<Unit filename="engine\generators\include\SpiralDungeonGenerator.hpp" />
		<Unit filename="engine\generators\include\SpringsGenerator.hpp" />
		<Unit filename="engine\generators\include\StreamGenerator.hpp" />
		<Unit filename="engine\generators\include\TileGenerator.hpp" />
		<Unit filename="engine\generators\include\WorldGenerator.hpp" />
		<Unit filename="engine\generators\source\CavernGenerator.cpp" />
		<Unit filename="engine\generators\source\CellularAutomataGenerator.cpp" />
		<Unit filename="engine\generators\source\DungeonGenerator.cpp" />
		<Unit filename="engine\generators\source\FieldGenerator.cpp" />
		<Unit filename="engine\generators\source\ForestGenerator.cpp" />
		<Unit filename="engine\generators\source\Generator.cpp" />
		<Unit filename="engine\generators\source\KeepRuinsGenerator.cpp" />
		<Unit filename="engine\generators\source\MarshGenerator.cpp" />
		<Unit filename="engine\generators\source\RoadGenerator.cpp" />
		<Unit filename="engine\generators\source\RuinsGenerator.cpp" />
		<Unit filename="engine\generators\source\SettlementGenerator.cpp" />
		<Unit filename="engine\generators\source\SettlementRuinsGenerator.cpp" />
		<Unit filename="engine\generators\source\SpiralDungeonGenerator.cpp" />
		<Unit filename="engine\generators\source\SpringsGenerator.cpp" />
		<Unit filename="engine\generators\source\StreamGenerator.cpp" />
		<Unit filename="engine\generators\source\TileGenerator.cpp" />
		<Unit filename="engine\generators\source\WorldGenerator.cpp" />
		<Unit filename="engine\generators\source\unit_tests\CellularAutomataGenerator_test.cpp">
			<Option target="Release" />
		</Unit>
		<Unit filename="engine\generators\source\unit_tests\TileGenerator_test.cpp">
			<Option target="Release" />
		</Unit>
		<Unit filename="engine\include\ActionManager.hpp" />
		<Unit filename="engine\include\Conversion.hpp" />
		<Unit filename="engine\include\CreatureFactory.hpp" />
		<Unit filename="engine\include\CreatureTranslator.hpp" />
		<Unit filename="engine\include\Dimensions.hpp" />
		<Unit filename="engine\include\Directions.hpp" />
		<Unit filename="engine\include\Game.hpp" />
		<Unit filename="engine\include\Log.hpp" />
		<Unit filename="engine\include\MapTranslator.hpp" />
		<Unit filename="engine\include\MapUtils.hpp" />
		<Unit filename="engine\include\Message.hpp" />
		<Unit filename="engine\include\MessageManager.hpp" />
		<Unit filename="engine\include\Messages.hpp" />
		<Unit filename="engine\include\MovementManager.hpp" />
		<Unit filename="engine\include\Naming.hpp" />
		<Unit filename="engine\include\RNG.hpp" />
		<Unit filename="engine\include\SavageLandsEngine.hpp" />
		<Unit filename="engine\include\StringConstants.hpp" />
		<Unit filename="engine\include\StringTable.hpp" />
		<Unit filename="engine\menus\include\ClassSelectionScreen.hpp" />
		<Unit filename="engine\menus\include\Menu.hpp" />
		<Unit filename="engine\menus\include\MenuComponent.hpp" />
		<Unit filename="engine\menus\include\NamingScreen.hpp" />
		<Unit filename="engine\menus\include\OptionsComponent.hpp" />
		<Unit filename="engine\menus\include\Prompt.hpp" />
		<Unit filename="engine\menus\include\RaceSelectionScreen.hpp" />
		<Unit filename="engine\menus\include\TextComponent.hpp" />
		<Unit filename="engine\menus\include\WelcomeScreen.hpp" />
		<Unit filename="engine\menus\source\ClassSelectionScreen.cpp" />
		<Unit filename="engine\menus\source\Menu.cpp" />
		<Unit filename="engine\menus\source\MenuComponent.cpp" />
		<Unit filename="engine\menus\source\NamingScreen.cpp" />
		<Unit filename="engine\menus\source\OptionsComponent.cpp" />
		<Unit filename="engine\menus\source\Prompt.cpp" />
		<Unit filename="engine\menus\source\RaceSelectionScreen.cpp" />
		<Unit filename="engine\menus\source\TextComponent.cpp" />
		<Unit filename="engine\menus\source\WelcomeScreen.cpp" />
		<Unit filename="engine\source\ActionManager.cpp" />
		<Unit filename="engine\source\Conversion.cpp" />
		<Unit filename="engine\source\CreatureFactory.cpp" />
		<Unit filename="engine\source\CreatureTranslator.cpp" />
		<Unit filename="engine\source\Dimensions.cpp" />
		<Unit filename="engine\source\Game.cpp" />
		<Unit filename="engine\source\Log.cpp" />
		<Unit filename="engine\source\MapTranslator.cpp" />
		<Unit filename="engine\source\MapUtils.cpp" />
		<Unit filename="engine\source\Message.cpp" />
		<Unit filename="engine\source\MessageManager.cpp" />
		<Unit filename="engine\source\Messages.cpp" />
		<Unit filename="engine\source\MovementManager.cpp" />
		<Unit filename="engine\source\Naming.cpp" />
		<Unit filename="engine\source\RNG.cpp" />
		<Unit filename="engine\source\SavageLandsEngine.cpp" />
		<Unit filename="engine\source\StringConstants.cpp" />
		<Unit filename="engine\source\StringTable.cpp" />
		<Unit filename="engine\source\unit_tests\Conversion_test.cpp">
			<Option target="Release" />
		</Unit>
		<Unit filename="engine\source\unit_tests\CreatureFactory_test.cpp">
			<Option target="Release" />
		</Unit>
		<Unit filename="engine\source\unit_tests\Dimensions_test.cpp">
			<Option target="Release" />
		</Unit>
		<Unit filename="engine\source\unit_tests\Message_test.cpp">
			<Option target="Release" />
		</Unit>
		<Unit filename="engine\source\unit_tests\Messages_test.cpp">
			<Option target="Release" />
		</Unit>
		<Unit filename="engine\source\unit_tests\RNG_test.cpp">
			<Option target="Release" />
		</Unit>
		<Unit filename="global_functions.cpp" />
		<Unit filename="include\Colours.hpp" />
		<Unit filename="include\buildinfo.hpp" />
		<Unit filename="include\common.hpp" />
		<Unit filename="include\global_prototypes.hpp" />
		<Unit filename="world\include\Class.hpp" />
		<Unit filename="world\include\Creature.hpp" />
		<Unit filename="world\include\CreatureFeatures.hpp" />
		<Unit filename="world\include\Inventory.hpp" />
		<Unit filename="world\include\Item.hpp" />
		<Unit filename="world\include\Map.hpp" />
		<Unit filename="world\include\Race.hpp" />
		<Unit filename="world\include\ResistanceTypes.hpp" />
		<Unit filename="world\include\Resistances.hpp" />
		<Unit filename="world\include\SkillTypes.hpp" />
		<Unit filename="world\include\Skills.hpp" />
		<Unit filename="world\include\Statistic.hpp" />
		<Unit filename="world\include\World.hpp" />
		<Unit filename="world\source\Class.cpp" />
		<Unit filename="world\source\Creature.cpp" />
		<Unit filename="world\source\Inventory.cpp" />
		<Unit filename="world\source\Item.cpp" />
		<Unit filename="world\source\Map.cpp" />
		<Unit filename="world\source\Race.cpp" />
		<Unit filename="world\source\Resistances.cpp" />
		<Unit filename="world\source\Skills.cpp" />
		<Unit filename="world\source\Statistic.cpp" />
		<Unit filename="world\source\World.cpp" />
		<Unit filename="world\source\unit_tests\Creature_test.cpp">
			<Option target="Release" />
		</Unit>
		<Unit filename="world\source\unit_tests\Race_test.cpp">
			<Option target="Release" />
		</Unit>
		<Unit filename="world\source\unit_tests\Skills_test.cpp">
			<Option target="Release" />
		</Unit>
		<Unit filename="world\source\unit_tests\Statistic_test.cpp">
			<Option target="Release" />
		</Unit>
		<Unit filename="world\tiles\include\AllTiles.hpp" />
		<Unit filename="world\tiles\include\BeachTile.hpp" />
		<Unit filename="world\tiles\include\BushTile.hpp" />
		<Unit filename="world\tiles\include\CairnTile.hpp" />
		<Unit filename="world\tiles\include\DesertTile.hpp" />
		<Unit filename="world\tiles\include\DownStaircaseTile.hpp" />
		<Unit filename="world\tiles\include\DungeonTile.hpp" />
		<Unit filename="world\tiles\include\FieldTile.hpp" />
		<Unit filename="world\tiles\include\ForestTile.hpp" />
		<Unit filename="world\tiles\include\GraveTile.hpp" />
		<Unit filename="world\tiles\include\HillsTile.hpp" />
		<Unit filename="world\tiles\include\MarshTile.hpp" />
		<Unit filename="world\tiles\include\MountainsTile.hpp" />
		<Unit filename="world\tiles\include\ReedsTile.hpp" />
		<Unit filename="world\tiles\include\RiverTile.hpp" />
		<Unit filename="world\tiles\include\RoadTile.hpp" />
		<Unit filename="world\tiles\include\RockTile.hpp" />
		<Unit filename="world\tiles\include\ScrubTile.hpp" />
		<Unit filename="world\tiles\include\SeaTile.hpp" />
		<Unit filename="world\tiles\include\ShoalsTile.hpp" />
		<Unit filename="world\tiles\include\SpringsTile.hpp" />
		<Unit filename="world\tiles\include\StaircaseTile.hpp" />
		<Unit filename="world\tiles\include\Tile.hpp" />
		<Unit filename="world\tiles\include\TreeTile.hpp" />
		<Unit filename="world\tiles\include\UpStaircaseTile.hpp" />
		<Unit filename="world\tiles\include\WeedsTile.hpp" />
		<Unit filename="world\tiles\include\WheatTile.hpp" />
		<Unit filename="world\tiles\include\tiles.hpp" />
		<Unit filename="world\tiles\source\BeachTile.cpp" />
		<Unit filename="world\tiles\source\BushTile.cpp" />
		<Unit filename="world\tiles\source\CairnTile.cpp" />
		<Unit filename="world\tiles\source\DesertTile.cpp" />
		<Unit filename="world\tiles\source\DownStaircaseTile.cpp" />
		<Unit filename="world\tiles\source\DungeonTile.cpp" />
		<Unit filename="world\tiles\source\FieldTile.cpp" />
		<Unit filename="world\tiles\source\ForestTile.cpp" />
		<Unit filename="world\tiles\source\GraveTile.cpp" />
		<Unit filename="world\tiles\source\HillsTile.cpp" />
		<Unit filename="world\tiles\source\MarshTile.cpp" />
		<Unit filename="world\tiles\source\MountainsTile.cpp" />
		<Unit filename="world\tiles\source\ReedsTile.cpp" />
		<Unit filename="world\tiles\source\RiverTile.cpp" />
		<Unit filename="world\tiles\source\RoadTile.cpp" />
		<Unit filename="world\tiles\source\RockTile.cpp" />
		<Unit filename="world\tiles\source\ScrubTile.cpp" />
		<Unit filename="world\tiles\source\SeaTile.cpp" />
		<Unit filename="world\tiles\source\ShoalsTile.cpp" />
		<Unit filename="world\tiles\source\SpringsTile.cpp" />
		<Unit filename="world\tiles\source\StaircaseTile.cpp" />
		<Unit filename="world\tiles\source\Tile.cpp" />
		<Unit filename="world\tiles\source\TreeTile.cpp" />
		<Unit filename="world\tiles\source\UpStaircaseTile.cpp" />
		<Unit filename="world\tiles\source\WeedsTile.cpp" />
		<Unit filename="world\tiles\source\WheatTile.cpp" />
		<Unit filename="world\tiles\source\unit_tests\BeachTile_test.cpp">
			<Option target="Release" />
		</Unit>
		<Unit filename="world\tiles\source\unit_tests\BushTile_test.cpp">
			<Option target="Release" />
		</Unit>
		<Unit filename="world\tiles\source\unit_tests\CairnTile_test.cpp">
			<Option target="Release" />
		</Unit>
		<Unit filename="world\tiles\source\unit_tests\DesertTile_test.cpp">
			<Option target="Release" />
		</Unit>
		<Unit filename="world\tiles\source\unit_tests\DownStaircaseTile_test.cpp">
			<Option target="Release" />
		</Unit>
		<Unit filename="world\tiles\source\unit_tests\DungeonTile_test.cpp">
			<Option target="Release" />
		</Unit>
		<Unit filename="world\tiles\source\unit_tests\FieldTile_test.cpp">
			<Option target="Release" />
		</Unit>
		<Unit filename="world\tiles\source\unit_tests\ForestTile_test.cpp">
			<Option target="Release" />
		</Unit>
		<Unit filename="world\tiles\source\unit_tests\GraveTile_test.cpp">
			<Option target="Release" />
		</Unit>
		<Unit filename="world\tiles\source\unit_tests\HillsTile_test.cpp">
			<Option target="Release" />
		</Unit>
		<Unit filename="world\tiles\source\unit_tests\MarshTile_test.cpp">
			<Option target="Release" />
		</Unit>
		<Unit filename="world\tiles\source\unit_tests\MountainsTile_test.cpp">
			<Option target="Release" />
		</Unit>
		<Unit filename="world\tiles\source\unit_tests\ReedsTile_test.cpp">
			<Option target="Release" />
		</Unit>
		<Unit filename="world\tiles\source\unit_tests\RiverTile_test.cpp">
			<Option target="Release" />
		</Unit>
		<Unit filename="world\tiles\source\unit_tests\RoadTile_test.cpp">
			<Option target="Release" />
		</Unit>
		<Unit filename="world\tiles\source\unit_tests\RockTile_test.cpp">
			<Option target="Release" />
		</Unit>
		<Unit filename="world\tiles\source\unit_tests\ScrubTile_test.cpp">
			<Option target="Release" />
		</Unit>
		<Unit filename="world\tiles\source\unit_tests\SeaTile_test.cpp">
			<Option target="Release" />
		</Unit>
		<Unit filename="world\tiles\source\unit_tests\ShoalsTile_test.cpp">
			<Option target="Release" />
		</Unit>
		<Unit filename="world\tiles\source\unit_tests\SpringsTile_test.cpp">
			<Option target="Release" />
		</Unit>
		<Unit filename="world\tiles\source\unit_tests\StaircaseTile_test.cpp">
			<Option target="Release" />
		</Unit>
		<Unit filename="world\tiles\source\unit_tests\Tile_test.cpp">
			<Option target="Release" />
		</Unit>
		<Unit filename="world\tiles\source\unit_tests\TreeTile_test.cpp">
			<Option target="Release" />
		</Unit>
		<Unit filename="world\tiles\source\unit_tests\UpStaircaseTile_test.cpp">
			<Option target="Release" />
		</Unit>
		<Unit filename="world\tiles\source\unit_tests\WeedsTile_test.cpp">
			<Option target="Release" />
		</Unit>
		<Unit filename="world\tiles\source\unit_tests\WheatTile_test.cpp">
			<Option target="Release" />
		</Unit>
		<Extensions>
			<code_completion />
			<debugger>
				<search_path add="C:\cygwin\home\Julian\jrcpp\" />
				<search_path add="display\source" />
				<search_path add="engine\calculators\source" />
				<search_path add="engine\generators\source" />
				<search_path add="engine\menus\source" />
				<search_path add="engine\source" />
				<search_path add="engine\XML\source" />
				<search_path add="world\source" />
				<search_path add="world\tiles\source" />
				<search_path add="engine\decision_strategies\source" />
				<search_path add="engine\commands\source" />
				<search_path add="controller\source" />
			</debugger>
		</Extensions>
	</Project>
</CodeBlocks_project_file>
