<?xml version="1.0" encoding="UTF-8" standalone="yes" ?>
<CodeBlocks_project_file>
	<FileVersion major="1" minor="6" />
	<Project>
		<Option title="jrcpp_cb" />
		<Option makefile="makefile" />
		<Option pch_mode="2" />
		<Option compiler="gcc" />
		<Build>
			<Target title="Debug">
				<Option output="jrcpp_cb" prefix_auto="1" extension_auto="1" />
				<Option working_dir="C:\cygwin\home\Julian\jrcpp" />
				<Option object_output="obj\Debug\" />
				<Option type="1" />
				<Option compiler="gcc" />
				<Compiler>
					<Add option="-g" />
					<Add option="-DUNIT_TESTS" />
				</Compiler>
				<Linker>
					<Add library="..\gtest\gtest-1.6.0\lib\libgtest_main.a" />
					<Add library="..\gtest\gtest-1.6.0\lib\libgtest.a" />
					<Add library="..\..\..\..\MinGW\lib\libxerces-c.a" />
					<Add library="..\..\..\..\MinGW\lib\libmenu.a" />
					<Add library="..\..\..\..\MinGW\lib\libncurses.a" />
					<Add library="..\..\..\..\MinGW\lib\libboost_filesystem-mgw46-mt-1_48.a" />
					<Add library="..\..\..\..\MinGW\lib\libboost_filesystem-mgw46-mt-d-1_48.a" />
					<Add library="..\..\..\..\MinGW\lib\libboost_system-mgw46-mt-1_48.a" />
					<Add library="..\..\..\..\MinGW\lib\libboost_system-mgw46-mt-d-1_48.a" />
					<Add library="..\..\..\..\MinGW\lib\libboost_date_time-mgw46-mt-1_48.a" />
					<Add library="..\..\..\..\MinGW\lib\libboost_date_time-mgw46-mt-d-1_48.a" />
				</Linker>
			</Target>
			<Target title="Release">
				<Option output="SavageLands" prefix_auto="1" extension_auto="1" />
				<Option object_output="obj\Release\" />
				<Option type="1" />
				<Option compiler="gcc" />
				<Compiler>
					<Add option="-Os" />
					<Add option="-O3" />
				</Compiler>
				<Linker>
					<Add option="-s" />
					<Add library="..\gtest\gtest-1.6.0\lib\libgtest.a" />
					<Add library="..\gtest\gtest-1.6.0\lib\libgtest_main.a" />
					<Add library="..\..\..\..\MinGW\lib\libxerces-c.a" />
					<Add library="..\..\..\..\MinGW\lib\libmenu.a" />
					<Add library="..\..\..\..\MinGW\lib\libncurses.a" />
					<Add library="..\..\..\..\MinGW\lib\libboost_filesystem-mgw46-mt-1_48.a" />
					<Add library="..\..\..\..\MinGW\lib\libboost_filesystem-mgw46-mt-d-1_48.a" />
					<Add library="..\..\..\..\MinGW\lib\libboost_system-mgw46-mt-1_48.a" />
					<Add library="..\..\..\..\MinGW\lib\libboost_system-mgw46-mt-d-1_48.a" />
					<Add library="..\..\..\..\MinGW\lib\libboost_date_time-mgw46-mt-1_48.a" />
					<Add library="..\..\..\..\MinGW\lib\libboost_date_time-mgw46-mt-d-1_48.a" />
				</Linker>
			</Target>
			<Target title="MapTester">
				<Option output="MapTester" prefix_auto="1" extension_auto="1" />
				<Option type="1" />
				<Option compiler="gcc" />
				<Compiler>
					<Add option="-pg" />
					<Add option="-g" />
				</Compiler>
				<Linker>
					<Add option="-pg -lgmon" />
					<Add library="..\gtest\gtest-1.6.0\lib\libgtest_main.a" />
					<Add library="..\gtest\gtest-1.6.0\lib\libgtest.a" />
					<Add library="..\..\..\..\MinGW\lib\libxerces-c.a" />
					<Add library="..\..\..\..\MinGW\lib\libmenu.a" />
					<Add library="..\..\..\..\MinGW\lib\libncurses.a" />
					<Add library="..\..\..\..\MinGW\lib\libboost_filesystem-mgw46-mt-1_48.a" />
					<Add library="..\..\..\..\MinGW\lib\libboost_filesystem-mgw46-mt-d-1_48.a" />
					<Add library="..\..\..\..\MinGW\lib\libboost_system-mgw46-mt-1_48.a" />
					<Add library="..\..\..\..\MinGW\lib\libboost_system-mgw46-mt-d-1_48.a" />
					<Add library="..\..\..\..\MinGW\lib\libboost_date_time-mgw46-mt-1_48.a" />
					<Add library="..\..\..\..\MinGW\lib\libboost_date_time-mgw46-mt-d-1_48.a" />
					<Add library="..\..\..\..\MinGW\lib\libboost_timer-mgw46-mt-1_48.a" />
					<Add library="..\..\..\..\MinGW\lib\libboost_timer-mgw46-mt-d-1_48.a" />
					<Add library="..\..\..\..\MinGW\lib\libboost_chrono-mgw46-mt-1_48.a" />
					<Add library="..\..\..\..\MinGW\lib\libboost_chrono-mgw46-mt-d-1_48.a" />
				</Linker>
			</Target>
		</Build>
		<Compiler>
			<Add option="-Wshadow" />
			<Add option="-Winit-self" />
			<Add option="-Wredundant-decls" />
			<Add option="-Wcast-align" />
			<Add option="-Wfloat-equal" />
			<Add option="-Winline" />
			<Add option="-Wunreachable-code" />
			<Add option="-Wmissing-declarations" />
			<Add option="-Wmissing-include-dirs" />
			<Add option="-Wswitch-enum" />
			<Add option="-Wswitch-default" />
			<Add option="-Wmain" />
			<Add option="-Wall" />
			<Add option="-pg" />
			<Add option="-g" />
			<Add option="-fexceptions" />
			<Add option="-DUNIT_TESTS" />
		</Compiler>
		<Linker>
			<Add option="-pg -lgmon" />
		</Linker>
		<Unit filename="MapTester.cpp">
			<Option target="MapTester" />
		</Unit>
		<Unit filename="SavageLands.cpp">
			<Option target="Debug" />
			<Option target="Release" />
		</Unit>
		<Unit filename="controller\include\Controller.hpp" />
		<Unit filename="controller\include\NCursesKeyboardController.hpp" />
		<Unit filename="controller\include\NullKeyboardController.hpp" />
		<Unit filename="controller\source\NCursesKeyboardController.cpp" />
		<Unit filename="controller\source\NullKeyboardController.cpp" />
		<Unit filename="display\include\Display.hpp" />
		<Unit filename="display\include\DisplayItem.hpp" />
		<Unit filename="display\include\DisplayItemType.hpp" />
		<Unit filename="display\include\DisplayMap.hpp" />
		<Unit filename="display\include\DisplayStatistics.hpp" />
		<Unit filename="display\include\DisplayTile.hpp" />
		<Unit filename="display\include\NCursesConstants.hpp" />
		<Unit filename="display\include\NCursesDisplay.hpp" />
		<Unit filename="display\include\NCursesMenuWrapper.hpp" />
		<Unit filename="display\include\NCursesPromptProcessor.hpp" />
		<Unit filename="display\include\NCursesUtils.hpp" />
		<Unit filename="display\source\Display.cpp" />
		<Unit filename="display\source\DisplayItem.cpp" />
		<Unit filename="display\source\DisplayItemType.cpp" />
		<Unit filename="display\source\DisplayMap.cpp" />
		<Unit filename="display\source\DisplayStatistics.cpp" />
		<Unit filename="display\source\DisplayTile.cpp" />
		<Unit filename="display\source\NCursesConstants.cpp" />
		<Unit filename="display\source\NCursesDisplay.cpp" />
		<Unit filename="display\source\NCursesMenuWrapper.cpp" />
		<Unit filename="display\source\NCursesPromptProcessor.cpp" />
		<Unit filename="display\source\NCursesUtils.cpp" />
		<Unit filename="display\source\unit_tests\Display_test.cpp">
			<Option target="&lt;{~None~}&gt;" />
		</Unit>
		<Unit filename="engine\XML\include\XMLAmuletReader.hpp" />
		<Unit filename="engine\XML\include\XMLArmourReader.hpp" />
		<Unit filename="engine\XML\include\XMLBoatReader.hpp" />
		<Unit filename="engine\XML\include\XMLBookReader.hpp" />
		<Unit filename="engine\XML\include\XMLClassesReader.hpp" />
		<Unit filename="engine\XML\include\XMLConfigurationReader.hpp" />
		<Unit filename="engine\XML\include\XMLConsumableReader.hpp" />
		<Unit filename="engine\XML\include\XMLCreaturesReader.hpp" />
		<Unit filename="engine\XML\include\XMLDataStructures.hpp" />
		<Unit filename="engine\XML\include\XMLDeitiesReader.hpp" />
		<Unit filename="engine\XML\include\XMLFileReader.hpp" />
		<Unit filename="engine\XML\include\XMLFoodReader.hpp" />
		<Unit filename="engine\XML\include\XMLInitialItemReader.hpp" />
		<Unit filename="engine\XML\include\XMLItemReader.hpp" />
		<Unit filename="engine\XML\include\XMLItemsReaders.hpp" />
		<Unit filename="engine\XML\include\XMLPlantReader.hpp" />
		<Unit filename="engine\XML\include\XMLPotionReader.hpp" />
		<Unit filename="engine\XML\include\XMLRacesReader.hpp" />
		<Unit filename="engine\XML\include\XMLReader.hpp" />
		<Unit filename="engine\XML\include\XMLResistancesReader.hpp" />
		<Unit filename="engine\XML\include\XMLRingReader.hpp" />
		<Unit filename="engine\XML\include\XMLScrollReader.hpp" />
		<Unit filename="engine\XML\include\XMLSkillsReaders.hpp" />
		<Unit filename="engine\XML\include\XMLStaffReader.hpp" />
		<Unit filename="engine\XML\include\XMLStatisticsModifierReader.hpp" />
		<Unit filename="engine\XML\include\XMLTilesReader.hpp" />
		<Unit filename="engine\XML\include\XMLWandReader.hpp" />
		<Unit filename="engine\XML\include\XMLWeaponsReaders.hpp" />
		<Unit filename="engine\XML\include\XMLWearableReader.hpp" />
		<Unit filename="engine\XML\source\XMLAmuletReader.cpp" />
		<Unit filename="engine\XML\source\XMLArmourReader.cpp" />
		<Unit filename="engine\XML\source\XMLBoatReader.cpp" />
		<Unit filename="engine\XML\source\XMLBookReader.cpp" />
		<Unit filename="engine\XML\source\XMLClassesReader.cpp" />
		<Unit filename="engine\XML\source\XMLConfigurationReader.cpp" />
		<Unit filename="engine\XML\source\XMLConsumableReader.cpp" />
		<Unit filename="engine\XML\source\XMLCreaturesReader.cpp" />
		<Unit filename="engine\XML\source\XMLDataStructures.cpp" />
		<Unit filename="engine\XML\source\XMLDeitiesReader.cpp" />
		<Unit filename="engine\XML\source\XMLFileReader.cpp" />
		<Unit filename="engine\XML\source\XMLFoodReader.cpp" />
		<Unit filename="engine\XML\source\XMLInitialItemReader.cpp" />
		<Unit filename="engine\XML\source\XMLItemReader.cpp" />
		<Unit filename="engine\XML\source\XMLItemsReaders.cpp" />
		<Unit filename="engine\XML\source\XMLPlantReader.cpp" />
		<Unit filename="engine\XML\source\XMLPotionReader.cpp" />
		<Unit filename="engine\XML\source\XMLRacesReader.cpp" />
		<Unit filename="engine\XML\source\XMLReader.cpp" />
		<Unit filename="engine\XML\source\XMLResistancesReader.cpp" />
		<Unit filename="engine\XML\source\XMLRingReader.cpp" />
		<Unit filename="engine\XML\source\XMLScrollReader.cpp" />
		<Unit filename="engine\XML\source\XMLSkillsReaders.cpp" />
		<Unit filename="engine\XML\source\XMLStaffReader.cpp" />
		<Unit filename="engine\XML\source\XMLStatisticsModifierReader.cpp" />
		<Unit filename="engine\XML\source\XMLTilesReader.cpp" />
		<Unit filename="engine\XML\source\XMLWandReader.cpp" />
		<Unit filename="engine\XML\source\XMLWeaponsReaders.cpp" />
		<Unit filename="engine\XML\source\XMLWearableReader.cpp" />
		<Unit filename="engine\actions\include\ActionCoordinator.hpp" />
		<Unit filename="engine\actions\include\ActionCost.hpp" />
		<Unit filename="engine\actions\include\ActionManager.hpp" />
		<Unit filename="engine\actions\include\CharacterDumpManager.hpp" />
		<Unit filename="engine\actions\include\DateTimeManager.hpp" />
		<Unit filename="engine\actions\include\EquipmentManager.hpp" />
		<Unit filename="engine\actions\include\IActionManager.hpp" />
		<Unit filename="engine\actions\include\InventoryManager.hpp" />
		<Unit filename="engine\actions\include\ItemManager.hpp" />
		<Unit filename="engine\actions\include\MovementAccumulationUpdater.hpp" />
		<Unit filename="engine\actions\include\MovementManager.hpp" />
		<Unit filename="engine\actions\include\PrayerManager.hpp" />
		<Unit filename="engine\actions\include\SearchActionManager.hpp" />
		<Unit filename="engine\actions\include\TileMovementConfirmation.hpp" />
		<Unit filename="engine\actions\include\TileSelectionManager.hpp" />
		<Unit filename="engine\actions\include\VersionActionManager.hpp" />
		<Unit filename="engine\actions\include\WeaponInfoManager.hpp" />
		<Unit filename="engine\actions\source\ActionCoordinator.cpp" />
		<Unit filename="engine\actions\source\ActionCost.cpp" />
		<Unit filename="engine\actions\source\ActionManager.cpp" />
		<Unit filename="engine\actions\source\CharacterDumpManager.cpp" />
		<Unit filename="engine\actions\source\DateTimeManager.cpp" />
		<Unit filename="engine\actions\source\EquipmentManager.cpp" />
		<Unit filename="engine\actions\source\InventoryManager.cpp" />
		<Unit filename="engine\actions\source\ItemManager.cpp" />
		<Unit filename="engine\actions\source\MovementAccumulationUpdater.cpp" />
		<Unit filename="engine\actions\source\MovementManager.cpp" />
		<Unit filename="engine\actions\source\PrayerManager.cpp" />
		<Unit filename="engine\actions\source\SearchActionManager.cpp" />
		<Unit filename="engine\actions\source\TileMovementConfirmation.cpp" />
		<Unit filename="engine\actions\source\TileSelectionManager.cpp" />
		<Unit filename="engine\actions\source\VersionActionManager.cpp" />
		<Unit filename="engine\actions\source\WeaponInfoManager.cpp" />
		<Unit filename="engine\calculators\include\ArcanaPointsCalculator.hpp" />
		<Unit filename="engine\calculators\include\CombatTargetNumberCalculator.hpp" />
		<Unit filename="engine\calculators\include\CombatTargetNumberCalculatorFactory.hpp" />
		<Unit filename="engine\calculators\include\CreatureCalculator.hpp" />
		<Unit filename="engine\calculators\include\DamageCalculator.hpp" />
		<Unit filename="engine\calculators\include\DamageCalculatorFactory.hpp" />
		<Unit filename="engine\calculators\include\EvadeCalculator.hpp" />
		<Unit filename="engine\calculators\include\HPRegenerationCalculator.hpp" />
		<Unit filename="engine\calculators\include\HeavyWeaponToHitCalculator.hpp" />
		<Unit filename="engine\calculators\include\HitPointsCalculator.hpp" />
		<Unit filename="engine\calculators\include\LightMeleeAndRangedWeaponToHitCalculator.hpp" />
		<Unit filename="engine\calculators\include\MagicToHitCalculator.hpp" />
		<Unit filename="engine\calculators\include\MagicalCombatTargetNumberCalculator.hpp" />
		<Unit filename="engine\calculators\include\MagicalDamageCalculator.hpp" />
		<Unit filename="engine\calculators\include\MeleeAndRangedCombatTargetNumberCalculator.hpp" />
		<Unit filename="engine\calculators\include\MountainClimbingCalculator.hpp" />
		<Unit filename="engine\calculators\include\PhysicalDamageCalculator.hpp" />
		<Unit filename="engine\calculators\include\RangedPhysicalDamageCalculator.hpp" />
		<Unit filename="engine\calculators\include\ResistancesCalculator.hpp" />
		<Unit filename="engine\calculators\include\SkillsCalculator.hpp" />
		<Unit filename="engine\calculators\include\SoakCalculator.hpp" />
		<Unit filename="engine\calculators\include\SwimmingCalculator.hpp" />
		<Unit filename="engine\calculators\include\ToHitCalculator.hpp" />
		<Unit filename="engine\calculators\include\ToHitCalculatorFactory.hpp" />
		<Unit filename="engine\calculators\include\WeaponDifficultyCalculator.hpp" />
		<Unit filename="engine\calculators\source\ArcanaPointsCalculator.cpp" />
		<Unit filename="engine\calculators\source\CombatTargetNumberCalculatorFactory.cpp" />
		<Unit filename="engine\calculators\source\CreatureCalculator.cpp" />
		<Unit filename="engine\calculators\source\DamageCalculator.cpp" />
		<Unit filename="engine\calculators\source\DamageCalculatorFactory.cpp" />
		<Unit filename="engine\calculators\source\EvadeCalculator.cpp" />
		<Unit filename="engine\calculators\source\HPRegenerationCalculator.cpp" />
		<Unit filename="engine\calculators\source\HeavyWeaponToHitCalculator.cpp" />
		<Unit filename="engine\calculators\source\HitPointsCalculator.cpp" />
		<Unit filename="engine\calculators\source\LightMeleeAndRangedWeaponToHitCalculator.cpp" />
		<Unit filename="engine\calculators\source\MagicToHitCalculator.cpp" />
		<Unit filename="engine\calculators\source\MagicalCombatTargetNumberCalculator.cpp" />
		<Unit filename="engine\calculators\source\MagicalDamageCalculator.cpp" />
		<Unit filename="engine\calculators\source\MeleeAndRangedCombatTargetNumberCalculator.cpp" />
		<Unit filename="engine\calculators\source\MountainClimbingCalculator.cpp" />
		<Unit filename="engine\calculators\source\PhysicalDamageCalculator.cpp" />
		<Unit filename="engine\calculators\source\RangedPhysicalDamageCalculator.cpp" />
		<Unit filename="engine\calculators\source\ResistancesCalculator.cpp" />
		<Unit filename="engine\calculators\source\SkillsCalculator.cpp" />
		<Unit filename="engine\calculators\source\SoakCalculator.cpp" />
		<Unit filename="engine\calculators\source\SwimmingCalculator.cpp" />
		<Unit filename="engine\calculators\source\ToHitCalculator.cpp" />
		<Unit filename="engine\calculators\source\ToHitCalculatorFactory.cpp" />
		<Unit filename="engine\calculators\source\WeaponDifficultyCalculator.cpp" />
		<Unit filename="engine\calculators\source\unit_tests\ArcanaPointsCalculator_test.cpp">
			<Option target="&lt;{~None~}&gt;" />
		</Unit>
		<Unit filename="engine\calculators\source\unit_tests\EvadeCalculator_test.cpp">
			<Option target="&lt;{~None~}&gt;" />
		</Unit>
		<Unit filename="engine\calculators\source\unit_tests\HeavyWeaponToHitCalculator_test.cpp">
			<Option target="&lt;{~None~}&gt;" />
		</Unit>
		<Unit filename="engine\calculators\source\unit_tests\HitPointsCalculator_test.cpp">
			<Option target="&lt;{~None~}&gt;" />
		</Unit>
		<Unit filename="engine\calculators\source\unit_tests\LightMeleeAndRangedWeaponToHitCalculator_test.cpp">
			<Option target="&lt;{~None~}&gt;" />
		</Unit>
		<Unit filename="engine\calculators\source\unit_tests\MagicToHitCalculator_test.cpp">
			<Option target="&lt;{~None~}&gt;" />
		</Unit>
		<Unit filename="engine\calculators\source\unit_tests\ResistancesCalculator_test.cpp">
			<Option target="&lt;{~None~}&gt;" />
		</Unit>
		<Unit filename="engine\calculators\source\unit_tests\SkillsCalculator_test.cpp">
			<Option target="&lt;{~None~}&gt;" />
		</Unit>
		<Unit filename="engine\calculators\source\unit_tests\SoakCalculator_test.cpp">
			<Option target="&lt;{~None~}&gt;" />
		</Unit>
		<Unit filename="engine\combat\include\AttackTypes.hpp" />
		<Unit filename="engine\combat\include\CombatConstants.hpp" />
		<Unit filename="engine\combat\include\CombatManager.hpp" />
		<Unit filename="engine\combat\include\CreatureDeathManager.hpp" />
		<Unit filename="engine\combat\include\DeathManager.hpp" />
		<Unit filename="engine\combat\include\DeathManagerFactory.hpp" />
		<Unit filename="engine\combat\include\ExperienceManager.hpp" />
		<Unit filename="engine\combat\include\LevelConstants.hpp" />
		<Unit filename="engine\combat\include\PlayerDeathManager.hpp" />
		<Unit filename="engine\combat\include\WeaponManager.hpp" />
		<Unit filename="engine\combat\source\CombatConstants.cpp" />
		<Unit filename="engine\combat\source\CombatManager.cpp" />
		<Unit filename="engine\combat\source\CreatureDeathManager.cpp" />
		<Unit filename="engine\combat\source\DeathManager.cpp" />
		<Unit filename="engine\combat\source\DeathManagerFactory.cpp" />
		<Unit filename="engine\combat\source\ExperienceManager.cpp" />
		<Unit filename="engine\combat\source\LevelConstants.cpp" />
		<Unit filename="engine\combat\source\PlayerDeathManager.cpp" />
		<Unit filename="engine\combat\source\WeaponManager.cpp" />
		<Unit filename="engine\combat\source\unit_tests\CombatManager_test.cpp">
			<Option target="&lt;{~None~}&gt;" />
		</Unit>
		<Unit filename="engine\commands\equipment\include\EquipmentCommandFactory.hpp" />
		<Unit filename="engine\commands\equipment\include\EquipmentCommandKeys.hpp" />
		<Unit filename="engine\commands\equipment\include\EquipmentCommandProcessor.hpp" />
		<Unit filename="engine\commands\equipment\include\EquipmentCommands.hpp" />
		<Unit filename="engine\commands\equipment\include\EquipmentKeyboardCommandMap.hpp" />
		<Unit filename="engine\commands\equipment\source\EquipmentCommandFactory.cpp" />
		<Unit filename="engine\commands\equipment\source\EquipmentCommandKeys.cpp" />
		<Unit filename="engine\commands\equipment\source\EquipmentCommandProcessor.cpp" />
		<Unit filename="engine\commands\equipment\source\EquipmentCommands.cpp" />
		<Unit filename="engine\commands\equipment\source\EquipmentKeyboardCommandMap.cpp" />
		<Unit filename="engine\commands\include\Command.hpp" />
		<Unit filename="engine\commands\include\CommandFactory.hpp" />
		<Unit filename="engine\commands\include\CommandKeys.hpp" />
		<Unit filename="engine\commands\include\CommandProcessor.hpp" />
		<Unit filename="engine\commands\include\Commands.hpp" />
		<Unit filename="engine\commands\include\KeyboardCommandMap.hpp" />
		<Unit filename="engine\commands\inventory\include\InventoryCommandFactory.hpp" />
		<Unit filename="engine\commands\inventory\include\InventoryCommandKeys.hpp" />
		<Unit filename="engine\commands\inventory\include\InventoryCommandProcessor.hpp" />
		<Unit filename="engine\commands\inventory\include\InventoryCommands.hpp" />
		<Unit filename="engine\commands\inventory\include\InventoryKeyboardCommandMap.hpp" />
		<Unit filename="engine\commands\inventory\source\InventoryCommandFactory.cpp" />
		<Unit filename="engine\commands\inventory\source\InventoryCommandKeys.cpp" />
		<Unit filename="engine\commands\inventory\source\InventoryCommandProcessor.cpp" />
		<Unit filename="engine\commands\inventory\source\InventoryCommands.cpp" />
		<Unit filename="engine\commands\inventory\source\InventoryKeyboardCommandMap.cpp" />
		<Unit filename="engine\commands\select_tile\include\TileSelectionCommandFactory.hpp" />
		<Unit filename="engine\commands\select_tile\include\TileSelectionCommandKeys.hpp" />
		<Unit filename="engine\commands\select_tile\include\TileSelectionCommandProcessor.hpp" />
		<Unit filename="engine\commands\select_tile\include\TileSelectionCommands.hpp" />
		<Unit filename="engine\commands\select_tile\include\TileSelectionKeyboardCommandMap.hpp" />
		<Unit filename="engine\commands\select_tile\source\TileSelectionCommandFactory.cpp" />
		<Unit filename="engine\commands\select_tile\source\TileSelectionCommandFactory.hpp" />
		<Unit filename="engine\commands\select_tile\source\TileSelectionCommandKeys.cpp" />
		<Unit filename="engine\commands\select_tile\source\TileSelectionCommandProcessor.cpp" />
		<Unit filename="engine\commands\select_tile\source\TileSelectionCommands.cpp" />
		<Unit filename="engine\commands\select_tile\source\TileSelectionKeyboardCommandMap.cpp" />
		<Unit filename="engine\commands\source\Command.cpp" />
		<Unit filename="engine\commands\source\CommandFactory.cpp" />
		<Unit filename="engine\commands\source\CommandKeys.cpp" />
		<Unit filename="engine\commands\source\CommandProcessor.cpp" />
		<Unit filename="engine\commands\source\Commands.cpp" />
		<Unit filename="engine\commands\source\KeyboardCommandMap.cpp" />
		<Unit filename="engine\conversion\include\CharacterDumper.hpp" />
		<Unit filename="engine\conversion\include\Conversion.hpp" />
		<Unit filename="engine\conversion\include\EquipmentDumper.hpp" />
		<Unit filename="engine\conversion\include\InventoryDumper.hpp" />
		<Unit filename="engine\conversion\include\ItemDumper.hpp" />
		<Unit filename="engine\conversion\include\SkillsDumper.hpp" />
		<Unit filename="engine\conversion\include\StatsDumper.hpp" />
		<Unit filename="engine\conversion\include\StringConverter.hpp" />
		<Unit filename="engine\conversion\source\CharacterDumper.cpp" />
		<Unit filename="engine\conversion\source\Conversion.cpp" />
		<Unit filename="engine\conversion\source\EquipmentDumper.cpp" />
		<Unit filename="engine\conversion\source\InventoryDumper.cpp" />
		<Unit filename="engine\conversion\source\ItemDumper.cpp" />
		<Unit filename="engine\conversion\source\SkillsDumper.cpp" />
		<Unit filename="engine\conversion\source\StatsDumper.cpp" />
		<Unit filename="engine\conversion\source\unit_tests\Conversion_test.cpp">
			<Option target="&lt;{~None~}&gt;" />
		</Unit>
		<Unit filename="engine\decision_strategies\deity\include\DeityDecisionConstants.hpp" />
		<Unit filename="engine\decision_strategies\deity\include\DeityDecisionImplications.hpp" />
		<Unit filename="engine\decision_strategies\deity\include\DeityDecisionStrategy.hpp" />
		<Unit filename="engine\decision_strategies\deity\include\DeityDecisionStrategyFactory.hpp" />
		<Unit filename="engine\decision_strategies\deity\include\DeityDecisionStrategyHandlerFactory.hpp" />
		<Unit filename="engine\decision_strategies\deity\include\DeityDecisionTypes.hpp" />
		<Unit filename="engine\decision_strategies\deity\include\DoNothingDeityDecisionStrategyHandler.hpp" />
		<Unit filename="engine\decision_strategies\deity\include\FullHPDeityDecisionStrategyHandler.hpp" />
		<Unit filename="engine\decision_strategies\deity\include\IDeityDecisionStrategy.hpp" />
		<Unit filename="engine\decision_strategies\deity\include\IDeityDecisionStrategyHandler.hpp" />
		<Unit filename="engine\decision_strategies\deity\source\DeityDecisionConstants.cpp" />
		<Unit filename="engine\decision_strategies\deity\source\DeityDecisionImplications.cpp" />
		<Unit filename="engine\decision_strategies\deity\source\DeityDecisionStrategy.cpp" />
		<Unit filename="engine\decision_strategies\deity\source\DeityDecisionStrategyFactory.cpp" />
		<Unit filename="engine\decision_strategies\deity\source\DeityDecisionStrategyHandlerFactory.cpp" />
		<Unit filename="engine\decision_strategies\deity\source\DoNothingDeityDecisionStrategyHandler.cpp" />
		<Unit filename="engine\decision_strategies\deity\source\FullHPDeityDecisionStrategyHandler.cpp" />
		<Unit filename="engine\decision_strategies\deity\source\IDeityDecisionStrategyHandler.cpp" />
		<Unit filename="engine\decision_strategies\include\DecisionStrategy.hpp" />
		<Unit filename="engine\decision_strategies\include\DecisionStrategyFactory.hpp" />
		<Unit filename="engine\decision_strategies\include\DecisionStrategyTypes.hpp" />
		<Unit filename="engine\decision_strategies\include\ImmobileDecisionStrategy.hpp" />
		<Unit filename="engine\decision_strategies\include\MobileDecisionStrategy.hpp" />
		<Unit filename="engine\decision_strategies\include\NPCDecisionStrategy.hpp" />
		<Unit filename="engine\decision_strategies\include\PlayerDecisionStrategy.hpp" />
		<Unit filename="engine\decision_strategies\search\include\AStarSearchStrategy.hpp" />
		<Unit filename="engine\decision_strategies\search\include\BreadthFirstSearchStrategy.hpp" />
		<Unit filename="engine\decision_strategies\search\include\GreedySearchStrategy.hpp" />
		<Unit filename="engine\decision_strategies\search\include\Search.hpp" />
		<Unit filename="engine\decision_strategies\search\include\SearchNode.hpp" />
		<Unit filename="engine\decision_strategies\search\include\SearchStrategyFactory.hpp" />
		<Unit filename="engine\decision_strategies\search\include\SearchTypes.hpp" />
		<Unit filename="engine\decision_strategies\search\include\UniformCostSearchStrategy.hpp" />
		<Unit filename="engine\decision_strategies\search\source\AStarSearchStrategy.cpp" />
		<Unit filename="engine\decision_strategies\search\source\BreadthFirstSearchStrategy.cpp" />
		<Unit filename="engine\decision_strategies\search\source\Search.cpp" />
		<Unit filename="engine\decision_strategies\search\source\SearchNode.cpp" />
		<Unit filename="engine\decision_strategies\search\source\SearchStrategyFactory.cpp" />
		<Unit filename="engine\decision_strategies\search\source\UniformCostSearchStrategy.cpp" />
		<Unit filename="engine\decision_strategies\source\DecisionStrategy.cpp" />
		<Unit filename="engine\decision_strategies\source\DecisionStrategyFactory.cpp" />
		<Unit filename="engine\decision_strategies\source\DecisionStrategyTypes.cpp" />
		<Unit filename="engine\decision_strategies\source\ImmobileDecisionStrategy.cpp" />
		<Unit filename="engine\decision_strategies\source\MobileDecisionStrategy.cpp" />
		<Unit filename="engine\decision_strategies\source\NPCDecisionStrategy.cpp" />
		<Unit filename="engine\decision_strategies\source\PlayerDecisionStrategy.cpp" />
		<Unit filename="engine\description\include\CreatureDescriber.hpp" />
		<Unit filename="engine\description\include\DescriberFactory.hpp" />
		<Unit filename="engine\description\include\FeatureDescriber.hpp" />
		<Unit filename="engine\description\include\IDescriber.hpp" />
		<Unit filename="engine\description\include\InventoryDescriber.hpp" />
		<Unit filename="engine\description\include\ItemDescriber.hpp" />
		<Unit filename="engine\description\include\TileDescriber.hpp" />
		<Unit filename="engine\description\include\TileDescription.hpp" />
		<Unit filename="engine\description\source\CreatureDescriber.cpp" />
		<Unit filename="engine\description\source\DescriberFactory.cpp" />
		<Unit filename="engine\description\source\FeatureDescriber.cpp" />
		<Unit filename="engine\description\source\IDescriber.cpp" />
		<Unit filename="engine\description\source\InventoryDescriber.cpp" />
		<Unit filename="engine\description\source\ItemDescriber.cpp" />
		<Unit filename="engine\description\source\TileDescriber.cpp" />
		<Unit filename="engine\description\source\TileDescription.cpp" />
		<Unit filename="engine\field_of_view\include\BresenhamLine.hpp" />
		<Unit filename="engine\field_of_view\include\FieldOfViewStrategy.hpp" />
		<Unit filename="engine\field_of_view\include\FieldOfViewStrategyFactory.hpp" />
		<Unit filename="engine\field_of_view\include\FieldOfViewTypes.hpp" />
		<Unit filename="engine\field_of_view\include\RayCastingFieldOfViewStrategy.hpp" />
		<Unit filename="engine\field_of_view\source\BresenhamLine.cpp" />
		<Unit filename="engine\field_of_view\source\FieldOfViewStrategy.cpp" />
		<Unit filename="engine\field_of_view\source\FieldOfViewStrategyFactory.cpp" />
		<Unit filename="engine\field_of_view\source\RayCastingFieldOfViewStrategy.cpp" />
		<Unit filename="engine\field_of_view\source\unit_tests\BresenhamLine_test.cpp">
			<Option target="&lt;{~None~}&gt;" />
		</Unit>
		<Unit filename="engine\generators\gardens\include\GardenGenerator.hpp" />
		<Unit filename="engine\generators\gardens\include\GardenGeneratorFactory.hpp" />
		<Unit filename="engine\generators\gardens\include\GardenTypes.hpp" />
		<Unit filename="engine\generators\gardens\include\RockGardenGenerator.hpp" />
		<Unit filename="engine\generators\gardens\include\ShadeGardenGenerator.hpp" />
		<Unit filename="engine\generators\gardens\include\VegetableGardenGenerator.hpp" />
		<Unit filename="engine\generators\gardens\include\WildflowerGardenGenerator.hpp" />
		<Unit filename="engine\generators\gardens\source\GardenGenerator.cpp" />
		<Unit filename="engine\generators\gardens\source\GardenGeneratorFactory.cpp" />
		<Unit filename="engine\generators\gardens\source\RockGardenGenerator.cpp" />
		<Unit filename="engine\generators\gardens\source\ShadeGardenGenerator.cpp" />
		<Unit filename="engine\generators\gardens\source\VegetableGardenGenerator.cpp" />
		<Unit filename="engine\generators\gardens\source\WildflowerGardenGenerator.cpp" />
		<Unit filename="engine\generators\include\CavernGenerator.hpp" />
		<Unit filename="engine\generators\include\CellularAutomataGenerator.hpp" />
		<Unit filename="engine\generators\include\CellularAutomataTypes.hpp" />
		<Unit filename="engine\generators\include\DesertGenerator.hpp" />
		<Unit filename="engine\generators\include\DungeonGenerator.hpp" />
		<Unit filename="engine\generators\include\FieldGenerator.hpp" />
		<Unit filename="engine\generators\include\ForestGenerator.hpp" />
		<Unit filename="engine\generators\include\Generator.hpp" />
		<Unit filename="engine\generators\include\GeneratorUtils.hpp" />
		<Unit filename="engine\generators\include\GraveyardGenerator.hpp" />
		<Unit filename="engine\generators\include\GraveyardGeneratorFactory.hpp" />
		<Unit filename="engine\generators\include\HillsGenerator.hpp" />
		<Unit filename="engine\generators\include\KeepGenerator.hpp" />
		<Unit filename="engine\generators\include\KeepRuinsGenerator.hpp" />
		<Unit filename="engine\generators\include\MarshGenerator.hpp" />
		<Unit filename="engine\generators\include\MountainsGenerator.hpp" />
		<Unit filename="engine\generators\include\OrderedGraveyardGenerator.hpp" />
		<Unit filename="engine\generators\include\RoadGenerator.hpp" />
		<Unit filename="engine\generators\include\Room.hpp" />
		<Unit filename="engine\generators\include\RuinsGenerator.hpp" />
		<Unit filename="engine\generators\include\ScatteredGraveyardGenerator.hpp" />
		<Unit filename="engine\generators\include\ScrubGenerator.hpp" />
		<Unit filename="engine\generators\include\SeaGenerator.hpp" />
		<Unit filename="engine\generators\include\SpiralDungeonGenerator.hpp" />
		<Unit filename="engine\generators\include\SpringsGenerator.hpp" />
		<Unit filename="engine\generators\include\StreamGenerator.hpp" />
		<Unit filename="engine\generators\include\TerrainGeneratorFactory.hpp" />
		<Unit filename="engine\generators\include\TileGenerator.hpp" />
		<Unit filename="engine\generators\include\WorldGenerator.hpp" />
		<Unit filename="engine\generators\settlements\include\BaseSettlementGenerator.hpp" />
		<Unit filename="engine\generators\settlements\include\HamletGenerator.hpp" />
		<Unit filename="engine\generators\settlements\include\ScatteredSettlementGenerator.hpp" />
		<Unit filename="engine\generators\settlements\include\SettlementGenerator.hpp" />
		<Unit filename="engine\generators\settlements\include\SettlementGeneratorFactory.hpp" />
		<Unit filename="engine\generators\settlements\include\SettlementRuinsGenerator.hpp" />
		<Unit filename="engine\generators\settlements\include\SettlementTypes.hpp" />
		<Unit filename="engine\generators\settlements\include\WalledSettlementGenerator.hpp" />
		<Unit filename="engine\generators\settlements\source\BaseSettlementGenerator.cpp" />
		<Unit filename="engine\generators\settlements\source\HamletGenerator.cpp" />
		<Unit filename="engine\generators\settlements\source\ScatteredSettlementGenerator.cpp" />
		<Unit filename="engine\generators\settlements\source\SettlementGenerator.cpp" />
		<Unit filename="engine\generators\settlements\source\SettlementGeneratorFactory.cpp" />
		<Unit filename="engine\generators\settlements\source\SettlementRuinsGenerator.cpp" />
		<Unit filename="engine\generators\settlements\source\WalledSettlementGenerator.cpp" />
		<Unit filename="engine\generators\source\CavernGenerator.cpp" />
		<Unit filename="engine\generators\source\CellularAutomataGenerator.cpp" />
		<Unit filename="engine\generators\source\DesertGenerator.cpp" />
		<Unit filename="engine\generators\source\DungeonGenerator.cpp" />
		<Unit filename="engine\generators\source\FieldGenerator.cpp" />
		<Unit filename="engine\generators\source\ForestGenerator.cpp" />
		<Unit filename="engine\generators\source\Generator.cpp" />
		<Unit filename="engine\generators\source\GeneratorUtils.cpp" />
		<Unit filename="engine\generators\source\GraveyardGenerator.cpp" />
		<Unit filename="engine\generators\source\GraveyardGeneratorFactory.cpp" />
		<Unit filename="engine\generators\source\HillsGenerator.cpp" />
		<Unit filename="engine\generators\source\KeepGenerator.cpp" />
		<Unit filename="engine\generators\source\KeepRuinsGenerator.cpp" />
		<Unit filename="engine\generators\source\MarshGenerator.cpp" />
		<Unit filename="engine\generators\source\MountainsGenerator.cpp" />
		<Unit filename="engine\generators\source\OrderedGraveyardGenerator.cpp" />
		<Unit filename="engine\generators\source\RoadGenerator.cpp" />
		<Unit filename="engine\generators\source\Room.cpp" />
		<Unit filename="engine\generators\source\RuinsGenerator.cpp" />
		<Unit filename="engine\generators\source\ScatteredGraveyardGenerator.cpp" />
		<Unit filename="engine\generators\source\ScrubGenerator.cpp" />
		<Unit filename="engine\generators\source\SeaGenerator.cpp" />
		<Unit filename="engine\generators\source\SpiralDungeonGenerator.cpp" />
		<Unit filename="engine\generators\source\SpringsGenerator.cpp" />
		<Unit filename="engine\generators\source\StreamGenerator.cpp" />
		<Unit filename="engine\generators\source\TerrainGeneratorFactory.cpp" />
		<Unit filename="engine\generators\source\TileGenerator.cpp" />
		<Unit filename="engine\generators\source\WorldGenerator.cpp" />
		<Unit filename="engine\generators\source\unit_tests\CellularAutomataGenerator_test.cpp">
			<Option target="&lt;{~None~}&gt;" />
		</Unit>
		<Unit filename="engine\generators\source\unit_tests\TileGenerator_test.cpp">
			<Option target="&lt;{~None~}&gt;" />
		</Unit>
		<Unit filename="engine\generators\worship_sites\include\CathedralGenerator.hpp" />
		<Unit filename="engine\generators\worship_sites\include\ChurchGenerator.hpp" />
		<Unit filename="engine\generators\worship_sites\include\ChurchGeneratorFactory.hpp" />
		<Unit filename="engine\generators\worship_sites\include\FortifiedChurchGenerator.hpp" />
		<Unit filename="engine\generators\worship_sites\include\GrandTempleGenerator.hpp" />
		<Unit filename="engine\generators\worship_sites\include\IslandSacrificeSiteGenerator.hpp" />
		<Unit filename="engine\generators\worship_sites\include\OvergrownSacrificeSiteGenerator.hpp" />
		<Unit filename="engine\generators\worship_sites\include\RockySacrificeSiteGenerator.hpp" />
		<Unit filename="engine\generators\worship_sites\include\SimpleChurchGenerator.hpp" />
		<Unit filename="engine\generators\worship_sites\include\SimpleTempleGenerator.hpp" />
		<Unit filename="engine\generators\worship_sites\include\SnakingTempleGenerator.hpp" />
		<Unit filename="engine\generators\worship_sites\include\WorshipSiteGenerator.hpp" />
		<Unit filename="engine\generators\worship_sites\source\CathedralGenerator.cpp" />
		<Unit filename="engine\generators\worship_sites\source\ChurchGenerator.cpp" />
		<Unit filename="engine\generators\worship_sites\source\ChurchGeneratorFactory.cpp" />
		<Unit filename="engine\generators\worship_sites\source\FortifiedChurchGenerator.cpp" />
		<Unit filename="engine\generators\worship_sites\source\GrandTempleGenerator.cpp" />
		<Unit filename="engine\generators\worship_sites\source\IslandSacrificeSiteGenerator.cpp" />
		<Unit filename="engine\generators\worship_sites\source\OvergrownSacrificeSiteGenerator.cpp" />
		<Unit filename="engine\generators\worship_sites\source\RockySacrificeSiteGenerator.cpp" />
		<Unit filename="engine\generators\worship_sites\source\SimpleChurchGenerator.cpp" />
		<Unit filename="engine\generators\worship_sites\source\SimpleTempleGenerator.cpp" />
		<Unit filename="engine\generators\worship_sites\source\SnakingTempleGenerator.cpp" />
		<Unit filename="engine\generators\worship_sites\source\WorshipSiteGenerator.cpp" />
		<Unit filename="engine\include\ClassManager.hpp" />
		<Unit filename="engine\include\CreationUtils.hpp" />
		<Unit filename="engine\include\CreatureFactory.hpp" />
		<Unit filename="engine\include\CreatureGenerationConstants.hpp" />
		<Unit filename="engine\include\CreatureGenerationManager.hpp" />
		<Unit filename="engine\include\Dimensions.hpp" />
		<Unit filename="engine\include\Directions.hpp" />
		<Unit filename="engine\include\FileWriter.hpp" />
		<Unit filename="engine\include\Game.hpp" />
		<Unit filename="engine\include\InitialItemEquipper.hpp" />
		<Unit filename="engine\include\InitialItemSelector.hpp" />
		<Unit filename="engine\include\ItemFactory.hpp" />
		<Unit filename="engine\include\ItemGenerationManager.hpp" />
		<Unit filename="engine\include\Log.hpp" />
		<Unit filename="engine\include\MapCursor.hpp" />
		<Unit filename="engine\include\MapExitUtils.hpp" />
		<Unit filename="engine\include\MapRegistry.hpp" />
		<Unit filename="engine\include\MapUtils.hpp" />
		<Unit filename="engine\include\Message.hpp" />
		<Unit filename="engine\include\MessageManager.hpp" />
		<Unit filename="engine\include\Messages.hpp" />
		<Unit filename="engine\include\Naming.hpp" />
		<Unit filename="engine\include\RNG.hpp" />
		<Unit filename="engine\include\RaceManager.hpp" />
		<Unit filename="engine\include\Range.hpp" />
		<Unit filename="engine\include\ReligionManager.hpp" />
		<Unit filename="engine\include\SavageLandsEngine.hpp" />
		<Unit filename="engine\include\StringConstants.hpp" />
		<Unit filename="engine\include\StringTable.hpp" />
		<Unit filename="engine\menus\include\ClassSelectionScreen.hpp" />
		<Unit filename="engine\menus\include\DeitySelectionScreen.hpp" />
		<Unit filename="engine\menus\include\Menu.hpp" />
		<Unit filename="engine\menus\include\MenuComponent.hpp" />
		<Unit filename="engine\menus\include\NamingScreen.hpp" />
		<Unit filename="engine\menus\include\OptionsComponent.hpp" />
		<Unit filename="engine\menus\include\Prompt.hpp" />
		<Unit filename="engine\menus\include\RaceSelectionScreen.hpp" />
		<Unit filename="engine\menus\include\SexSelectionScreen.hpp" />
		<Unit filename="engine\menus\include\TextComponent.hpp" />
		<Unit filename="engine\menus\include\WelcomeScreen.hpp" />
		<Unit filename="engine\menus\source\ClassSelectionScreen.cpp" />
		<Unit filename="engine\menus\source\DeitySelectionScreen.cpp" />
		<Unit filename="engine\menus\source\Menu.cpp" />
		<Unit filename="engine\menus\source\MenuComponent.cpp" />
		<Unit filename="engine\menus\source\NamingScreen.cpp" />
		<Unit filename="engine\menus\source\OptionsComponent.cpp" />
		<Unit filename="engine\menus\source\Prompt.cpp" />
		<Unit filename="engine\menus\source\RaceSelectionScreen.cpp" />
		<Unit filename="engine\menus\source\SexSelectionScreen.cpp" />
		<Unit filename="engine\menus\source\TextComponent.cpp" />
		<Unit filename="engine\menus\source\WelcomeScreen.cpp" />
		<Unit filename="engine\skills\include\Detection.hpp" />
		<Unit filename="engine\skills\include\Mountaineering.hpp" />
		<Unit filename="engine\skills\include\SkillManager.hpp" />
		<Unit filename="engine\skills\include\Swimming.hpp" />
		<Unit filename="engine\skills\source\Detection.cpp" />
		<Unit filename="engine\skills\source\Mountaineering.cpp" />
		<Unit filename="engine\skills\source\SkillManager.cpp" />
		<Unit filename="engine\skills\source\Swimming.cpp" />
		<Unit filename="engine\source\ClassManager.cpp" />
		<Unit filename="engine\source\CreationUtils.cpp" />
		<Unit filename="engine\source\CreatureFactory.cpp" />
		<Unit filename="engine\source\CreatureGenerationConstants.cpp" />
		<Unit filename="engine\source\CreatureGenerationManager.cpp" />
		<Unit filename="engine\source\Dimensions.cpp" />
		<Unit filename="engine\source\FileWriter.cpp" />
		<Unit filename="engine\source\Game.cpp" />
		<Unit filename="engine\source\InitialItemEquipper.cpp" />
		<Unit filename="engine\source\InitialItemSelector.cpp" />
		<Unit filename="engine\source\ItemFactory.cpp" />
		<Unit filename="engine\source\ItemGenerationManager.cpp" />
		<Unit filename="engine\source\Log.cpp" />
		<Unit filename="engine\source\MapCursor.cpp" />
		<Unit filename="engine\source\MapExitUtils.cpp" />
		<Unit filename="engine\source\MapRegistry.cpp" />
		<Unit filename="engine\source\MapUtils.cpp" />
		<Unit filename="engine\source\Message.cpp" />
		<Unit filename="engine\source\MessageManager.cpp" />
		<Unit filename="engine\source\Messages.cpp" />
		<Unit filename="engine\source\Naming.cpp" />
		<Unit filename="engine\source\RNG.cpp" />
		<Unit filename="engine\source\RaceManager.cpp" />
		<Unit filename="engine\source\ReligionManager.cpp" />
		<Unit filename="engine\source\SavageLandsEngine.cpp" />
		<Unit filename="engine\source\StringConstants.cpp" />
		<Unit filename="engine\source\StringTable.cpp" />
		<Unit filename="engine\source\unit_tests\CreatureFactory_test.cpp">
			<Option target="&lt;{~None~}&gt;" />
		</Unit>
		<Unit filename="engine\source\unit_tests\Dimensions_test.cpp">
			<Option target="&lt;{~None~}&gt;" />
		</Unit>
		<Unit filename="engine\source\unit_tests\InitialItemSelector_test.cpp">
			<Option target="&lt;{~None~}&gt;" />
		</Unit>
		<Unit filename="engine\source\unit_tests\MapUtils_test.cpp">
			<Option target="&lt;{~None~}&gt;" />
		</Unit>
		<Unit filename="engine\source\unit_tests\Map_test.cpp">
			<Option target="&lt;{~None~}&gt;" />
		</Unit>
		<Unit filename="engine\source\unit_tests\Message_test.cpp">
			<Option target="&lt;{~None~}&gt;" />
		</Unit>
		<Unit filename="engine\source\unit_tests\Messages_test.cpp">
			<Option target="&lt;{~None~}&gt;" />
		</Unit>
		<Unit filename="engine\source\unit_tests\RNG_test.cpp">
			<Option target="&lt;{~None~}&gt;" />
		</Unit>
		<Unit filename="engine\time\include\BoatingMovementAccumulationChecker.hpp" />
		<Unit filename="engine\time\include\CreatureHPRegeneration.hpp" />
		<Unit filename="engine\time\include\CreaturePietyRegeneration.hpp" />
		<Unit filename="engine\time\include\CreatureSkillIncrementer.hpp" />
		<Unit filename="engine\time\include\CreatureTimeObserver.hpp" />
		<Unit filename="engine\time\include\ICreatureRegeneration.hpp" />
		<Unit filename="engine\time\include\ITerrainMovementAccumulationChecker.hpp" />
		<Unit filename="engine\time\include\ITimeObserver.hpp" />
		<Unit filename="engine\time\include\MountainClimbingMovementAccumulationChecker.hpp" />
		<Unit filename="engine\time\include\MovementAccumulationChecker.hpp" />
		<Unit filename="engine\time\include\MovementAccumulator.hpp" />
		<Unit filename="engine\time\include\NullMovementAccumulationChecker.hpp" />
		<Unit filename="engine\time\include\RegenerationConstants.hpp" />
		<Unit filename="engine\time\include\SeasonsTimeObserver.hpp" />
		<Unit filename="engine\time\include\SwimmingMovementAccumulationChecker.hpp" />
		<Unit filename="engine\time\include\TerrainMovementAccumulationCheckerFactory.hpp" />
		<Unit filename="engine\time\include\WorldTimeKeeper.hpp" />
		<Unit filename="engine\time\include\WorldTimeKeeperCoordinator.hpp" />
		<Unit filename="engine\time\source\BoatingMovementAccumulationChecker.cpp" />
		<Unit filename="engine\time\source\CreatureHPRegeneration.cpp" />
		<Unit filename="engine\time\source\CreaturePietyRegeneration.cpp" />
		<Unit filename="engine\time\source\CreatureSkillIncrementer.cpp" />
		<Unit filename="engine\time\source\CreatureTimeObserver.cpp" />
		<Unit filename="engine\time\source\ITimeObserver.cpp" />
		<Unit filename="engine\time\source\MountainClimbingMovementAccumulationChecker.cpp" />
		<Unit filename="engine\time\source\MovementAccumulationChecker.cpp" />
		<Unit filename="engine\time\source\MovementAccumulator.cpp" />
		<Unit filename="engine\time\source\NullMovementAccumulationChecker.cpp" />
		<Unit filename="engine\time\source\RegenerationConstants.cpp" />
		<Unit filename="engine\time\source\SeasonsTimeObserver.cpp" />
		<Unit filename="engine\time\source\SwimmingMovementAccumulationChecker.cpp" />
		<Unit filename="engine\time\source\TerrainMovementAccumulationCheckerFactory.cpp" />
		<Unit filename="engine\time\source\WorldTimeKeeper.cpp" />
		<Unit filename="engine\time\source\WorldTimeKeeperCoordinator.cpp" />
		<Unit filename="engine\translators\include\CreatureTranslator.hpp" />
		<Unit filename="engine\translators\include\DisplayItemTypeFactory.hpp" />
		<Unit filename="engine\translators\include\EquipmentTranslator.hpp" />
		<Unit filename="engine\translators\include\InventoryTranslator.hpp" />
		<Unit filename="engine\translators\include\ItemTranslator.hpp" />
		<Unit filename="engine\translators\include\MapTranslator.hpp" />
		<Unit filename="engine\translators\include\ViewMapTranslator.hpp" />
		<Unit filename="engine\translators\source\CreatureTranslator.cpp" />
		<Unit filename="engine\translators\source\DisplayItemTypeFactory.cpp" />
		<Unit filename="engine\translators\source\EquipmentTranslator.cpp" />
		<Unit filename="engine\translators\source\InventoryTranslator.cpp" />
		<Unit filename="engine\translators\source\ItemTranslator.cpp" />
		<Unit filename="engine\translators\source\MapTranslator.cpp" />
		<Unit filename="engine\translators\source\ViewMapTranslator.cpp" />
		<Unit filename="engine\translators\source\unit_tests\DisplayItemTypeFactory_test.cpp">
			<Option target="&lt;{~None~}&gt;" />
		</Unit>
		<Unit filename="global_functions.cpp" />
		<Unit filename="include\Colours.hpp" />
		<Unit filename="include\buildinfo.hpp" />
		<Unit filename="include\common.hpp" />
		<Unit filename="include\global_prototypes.hpp" />
		<Unit filename="world\include\AgeInfo.hpp" />
		<Unit filename="world\include\Alignment.hpp" />
		<Unit filename="world\include\AlignmentEnums.hpp" />
		<Unit filename="world\include\Ammunition.hpp" />
		<Unit filename="world\include\Amulet.hpp" />
		<Unit filename="world\include\Armour.hpp" />
		<Unit filename="world\include\Boat.hpp" />
		<Unit filename="world\include\Book.hpp" />
		<Unit filename="world\include\Calendar.hpp" />
		<Unit filename="world\include\Class.hpp" />
		<Unit filename="world\include\Consumable.hpp" />
		<Unit filename="world\include\Creature.hpp" />
		<Unit filename="world\include\CreatureFeatures.hpp" />
		<Unit filename="world\include\Damage.hpp" />
		<Unit filename="world\include\DamageTypes.hpp" />
		<Unit filename="world\include\Date.hpp" />
		<Unit filename="world\include\Dice.hpp" />
		<Unit filename="world\include\Equipment.hpp" />
		<Unit filename="world\include\EquipmentTypes.hpp" />
		<Unit filename="world\include\Food.hpp" />
		<Unit filename="world\include\InitialItem.hpp" />
		<Unit filename="world\include\Inventory.hpp" />
		<Unit filename="world\include\Item.hpp" />
		<Unit filename="world\include\ItemTypes.hpp" />
		<Unit filename="world\include\Map.hpp" />
		<Unit filename="world\include\MapExit.hpp" />
		<Unit filename="world\include\MapTypes.hpp" />
		<Unit filename="world\include\MiscItem.hpp" />
		<Unit filename="world\include\MovementAccumulation.hpp" />
		<Unit filename="world\include\MovementTypes.hpp" />
		<Unit filename="world\include\Plant.hpp" />
		<Unit filename="world\include\Potion.hpp" />
		<Unit filename="world\include\Race.hpp" />
		<Unit filename="world\include\Resistances.hpp" />
		<Unit filename="world\include\Ring.hpp" />
		<Unit filename="world\include\Scroll.hpp" />
		<Unit filename="world\include\SkillTypes.hpp" />
		<Unit filename="world\include\Skills.hpp" />
		<Unit filename="world\include\Staff.hpp" />
		<Unit filename="world\include\Statistic.hpp" />
		<Unit filename="world\include\StatisticsModifier.hpp" />
		<Unit filename="world\include\ThreatRatings.hpp" />
		<Unit filename="world\include\Wand.hpp" />
		<Unit filename="world\include\Weapon.hpp" />
		<Unit filename="world\include\WeaponTypes.hpp" />
		<Unit filename="world\include\Wearable.hpp" />
		<Unit filename="world\include\Weight.hpp" />
		<Unit filename="world\include\World.hpp" />
		<Unit filename="world\materials\include\Cloth.hpp" />
		<Unit filename="world\materials\include\DragonScale.hpp" />
		<Unit filename="world\materials\include\Glass.hpp" />
		<Unit filename="world\materials\include\Iron.hpp" />
		<Unit filename="world\materials\include\Leather.hpp" />
		<Unit filename="world\materials\include\Marble.hpp" />
		<Unit filename="world\materials\include\Material.hpp" />
		<Unit filename="world\materials\include\MaterialFactory.hpp" />
		<Unit filename="world\materials\include\MaterialTypes.hpp" />
		<Unit filename="world\materials\include\Onyx.hpp" />
		<Unit filename="world\materials\include\Paper.hpp" />
		<Unit filename="world\materials\include\Steel.hpp" />
		<Unit filename="world\materials\include\Stone.hpp" />
		<Unit filename="world\materials\include\Wood.hpp" />
		<Unit filename="world\materials\source\Cloth.cpp" />
		<Unit filename="world\materials\source\DragonScale.cpp" />
		<Unit filename="world\materials\source\Glass.cpp" />
		<Unit filename="world\materials\source\Iron.cpp" />
		<Unit filename="world\materials\source\Leather.cpp" />
		<Unit filename="world\materials\source\Marble.cpp" />
		<Unit filename="world\materials\source\Material.cpp" />
		<Unit filename="world\materials\source\MaterialFactory.cpp" />
		<Unit filename="world\materials\source\Onyx.cpp" />
		<Unit filename="world\materials\source\Paper.cpp" />
		<Unit filename="world\materials\source\Steel.cpp" />
		<Unit filename="world\materials\source\Stone.cpp" />
		<Unit filename="world\materials\source\Wood.cpp" />
		<Unit filename="world\religion\include\Deity.hpp" />
		<Unit filename="world\religion\include\DeityStatus.hpp" />
		<Unit filename="world\religion\include\Religion.hpp" />
		<Unit filename="world\religion\include\ReligionConstants.hpp" />
		<Unit filename="world\religion\include\ReligionFactory.hpp" />
		<Unit filename="world\religion\source\Deity.cpp" />
		<Unit filename="world\religion\source\DeityStatus.cpp" />
		<Unit filename="world\religion\source\Religion.cpp" />
		<Unit filename="world\religion\source\ReligionConstants.cpp" />
		<Unit filename="world\religion\source\ReligionFactory.cpp" />
		<Unit filename="world\seasons\include\Autumn.hpp" />
		<Unit filename="world\seasons\include\CalendarTypes.hpp" />
		<Unit filename="world\seasons\include\ISeason.hpp" />
		<Unit filename="world\seasons\include\SeasonFactory.hpp" />
		<Unit filename="world\seasons\include\Spring.hpp" />
		<Unit filename="world\seasons\include\Summer.hpp" />
		<Unit filename="world\seasons\include\Winter.hpp" />
		<Unit filename="world\seasons\source\Autumn.cpp" />
		<Unit filename="world\seasons\source\ISeason.cpp" />
		<Unit filename="world\seasons\source\SeasonFactory.cpp" />
		<Unit filename="world\seasons\source\Spring.cpp" />
		<Unit filename="world\seasons\source\Summer.cpp" />
		<Unit filename="world\seasons\source\Winter.cpp" />
		<Unit filename="world\source\AgeInfo.cpp" />
		<Unit filename="world\source\Alignment.cpp" />
		<Unit filename="world\source\Ammunition.cpp" />
		<Unit filename="world\source\Amulet.cpp" />
		<Unit filename="world\source\Armour.cpp" />
		<Unit filename="world\source\Boat.cpp" />
		<Unit filename="world\source\Book.cpp" />
		<Unit filename="world\source\Calendar.cpp" />
		<Unit filename="world\source\Class.cpp" />
		<Unit filename="world\source\Consumable.cpp" />
		<Unit filename="world\source\Creature.cpp" />
		<Unit filename="world\source\CreatureFeatures.cpp" />
		<Unit filename="world\source\CreatureGenerationValues.cpp" />
		<Unit filename="world\source\Damage.cpp" />
		<Unit filename="world\source\Date.cpp" />
		<Unit filename="world\source\Dice.cpp" />
		<Unit filename="world\source\Equipment.cpp" />
		<Unit filename="world\source\Food.cpp" />
		<Unit filename="world\source\InitialItem.cpp" />
		<Unit filename="world\source\Inventory.cpp" />
		<Unit filename="world\source\Item.cpp" />
		<Unit filename="world\source\ItemTypes.cpp" />
		<Unit filename="world\source\Map.cpp" />
		<Unit filename="world\source\MapExit.cpp" />
		<Unit filename="world\source\MiscItem.cpp" />
		<Unit filename="world\source\MovementAccumulation.cpp" />
		<Unit filename="world\source\Plant.cpp" />
		<Unit filename="world\source\Potion.cpp" />
		<Unit filename="world\source\Race.cpp" />
		<Unit filename="world\source\Resistances.cpp" />
		<Unit filename="world\source\Ring.cpp" />
		<Unit filename="world\source\Scroll.cpp" />
		<Unit filename="world\source\Skills.cpp" />
		<Unit filename="world\source\Staff.cpp" />
		<Unit filename="world\source\Statistic.cpp" />
		<Unit filename="world\source\StatisticsModifier.cpp" />
		<Unit filename="world\source\ThreatRatings.cpp" />
		<Unit filename="world\source\Wand.cpp" />
		<Unit filename="world\source\Weapon.cpp" />
		<Unit filename="world\source\Wearable.cpp" />
		<Unit filename="world\source\Weight.cpp" />
		<Unit filename="world\source\World.cpp" />
		<Unit filename="world\source\unit_tests\Creature_test.cpp">
			<Option target="&lt;{~None~}&gt;" />
		</Unit>
		<Unit filename="world\source\unit_tests\Race_test.cpp">
			<Option target="&lt;{~None~}&gt;" />
		</Unit>
		<Unit filename="world\source\unit_tests\Skills_test.cpp">
			<Option target="&lt;{~None~}&gt;" />
		</Unit>
		<Unit filename="world\source\unit_tests\Statistic_test.cpp">
			<Option target="&lt;{~None~}&gt;" />
		</Unit>
		<Unit filename="world\tiles\features\include\Altar.hpp" />
		<Unit filename="world\tiles\features\include\Bench.hpp" />
		<Unit filename="world\tiles\features\include\DecorativeStatues.hpp" />
		<Unit filename="world\tiles\features\include\Door.hpp" />
		<Unit filename="world\tiles\features\include\EastWestPew.hpp" />
		<Unit filename="world\tiles\features\include\Entrance.hpp" />
		<Unit filename="world\tiles\features\include\EntranceState.hpp" />
		<Unit filename="world\tiles\features\include\EntranceTypes.hpp" />
		<Unit filename="world\tiles\features\include\EvilAltar.hpp" />
		<Unit filename="world\tiles\features\include\Feature.hpp" />
		<Unit filename="world\tiles\features\include\FeatureGenerator.hpp" />
		<Unit filename="world\tiles\features\include\FirePillar.hpp" />
		<Unit filename="world\tiles\features\include\Fountain.hpp" />
		<Unit filename="world\tiles\features\include\Gate.hpp" />
		<Unit filename="world\tiles\features\include\GoodAltar.hpp" />
		<Unit filename="world\tiles\features\include\IHandleable.hpp" />
		<Unit filename="world\tiles\features\include\IKickable.hpp" />
		<Unit filename="world\tiles\features\include\ILockable.hpp" />
		<Unit filename="world\tiles\features\include\IOfferable.hpp" />
		<Unit filename="world\tiles\features\include\ITrappable.hpp" />
		<Unit filename="world\tiles\features\include\Lock.hpp" />
		<Unit filename="world\tiles\features\include\NeutralAltar.hpp" />
		<Unit filename="world\tiles\features\include\Pew.hpp" />
		<Unit filename="world\tiles\features\include\StatueGenerator.hpp" />
		<Unit filename="world\tiles\features\include\StatueTypes.hpp" />
		<Unit filename="world\tiles\features\include\Trap.hpp" />
		<Unit filename="world\tiles\features\source\Altar.cpp" />
		<Unit filename="world\tiles\features\source\Bench.cpp" />
		<Unit filename="world\tiles\features\source\DecorativeStatues.cpp" />
		<Unit filename="world\tiles\features\source\Door.cpp" />
		<Unit filename="world\tiles\features\source\EastWestPew.cpp" />
		<Unit filename="world\tiles\features\source\Entrance.cpp" />
		<Unit filename="world\tiles\features\source\EntranceState.cpp" />
		<Unit filename="world\tiles\features\source\EvilAltar.cpp" />
		<Unit filename="world\tiles\features\source\Feature.cpp" />
		<Unit filename="world\tiles\features\source\FeatureGenerator.cpp" />
		<Unit filename="world\tiles\features\source\FirePillar.cpp" />
		<Unit filename="world\tiles\features\source\Fountain.cpp" />
		<Unit filename="world\tiles\features\source\Gate.cpp" />
		<Unit filename="world\tiles\features\source\GoodAltar.cpp" />
		<Unit filename="world\tiles\features\source\ILockable.cpp" />
		<Unit filename="world\tiles\features\source\ITrappable.cpp" />
		<Unit filename="world\tiles\features\source\NeutralAltar.cpp" />
		<Unit filename="world\tiles\features\source\Pew.cpp" />
		<Unit filename="world\tiles\features\source\StatueGenerator.cpp" />
		<Unit filename="world\tiles\features\source\Trap.cpp" />
		<Unit filename="world\tiles\include\AllTiles.hpp" />
		<Unit filename="world\tiles\include\BarracksTile.hpp" />
		<Unit filename="world\tiles\include\BeachTile.hpp" />
		<Unit filename="world\tiles\include\BushTile.hpp" />
		<Unit filename="world\tiles\include\CairnTile.hpp" />
		<Unit filename="world\tiles\include\CastleTile.hpp" />
		<Unit filename="world\tiles\include\CavernTile.hpp" />
		<Unit filename="world\tiles\include\ChurchTile.hpp" />
		<Unit filename="world\tiles\include\DaisTile.hpp" />
		<Unit filename="world\tiles\include\DesertTile.hpp" />
		<Unit filename="world\tiles\include\DownStaircaseTile.hpp" />
		<Unit filename="world\tiles\include\DungeonComplexTile.hpp" />
		<Unit filename="world\tiles\include\DungeonTile.hpp" />
		<Unit filename="world\tiles\include\FieldTile.hpp" />
		<Unit filename="world\tiles\include\ForestTile.hpp" />
		<Unit filename="world\tiles\include\GraveTile.hpp" />
		<Unit filename="world\tiles\include\GraveyardTile.hpp" />
		<Unit filename="world\tiles\include\HillsTile.hpp" />
		<Unit filename="world\tiles\include\KeepTile.hpp" />
		<Unit filename="world\tiles\include\LibraryTile.hpp" />
		<Unit filename="world\tiles\include\MarshTile.hpp" />
		<Unit filename="world\tiles\include\MountainsTile.hpp" />
		<Unit filename="world\tiles\include\ReedsTile.hpp" />
		<Unit filename="world\tiles\include\RiverTile.hpp" />
		<Unit filename="world\tiles\include\RoadTile.hpp" />
		<Unit filename="world\tiles\include\RockTile.hpp" />
		<Unit filename="world\tiles\include\ScrubTile.hpp" />
		<Unit filename="world\tiles\include\SeaTile.hpp" />
		<Unit filename="world\tiles\include\ShoalsTile.hpp" />
		<Unit filename="world\tiles\include\SiteOfDeathTile.hpp" />
		<Unit filename="world\tiles\include\SpringsTile.hpp" />
		<Unit filename="world\tiles\include\StaircaseTile.hpp" />
		<Unit filename="world\tiles\include\TempleTile.hpp" />
		<Unit filename="world\tiles\include\Tile.hpp" />
		<Unit filename="world\tiles\include\TreeTile.hpp" />
		<Unit filename="world\tiles\include\UpStaircaseTile.hpp" />
		<Unit filename="world\tiles\include\VillageTile.hpp" />
		<Unit filename="world\tiles\include\WeedsTile.hpp" />
		<Unit filename="world\tiles\include\WheatTile.hpp" />
		<Unit filename="world\tiles\include\WorldMapTile.hpp" />
		<Unit filename="world\tiles\include\WorshipSiteTile.hpp" />
		<Unit filename="world\tiles\include\WorshipSiteTypes.hpp" />
		<Unit filename="world\tiles\include\tiles.hpp" />
		<Unit filename="world\tiles\source\BarracksTile.cpp" />
		<Unit filename="world\tiles\source\BeachTile.cpp" />
		<Unit filename="world\tiles\source\BushTile.cpp" />
		<Unit filename="world\tiles\source\CairnTile.cpp" />
		<Unit filename="world\tiles\source\CastleTile.cpp" />
		<Unit filename="world\tiles\source\CavernTile.cpp" />
		<Unit filename="world\tiles\source\ChurchTile.cpp" />
		<Unit filename="world\tiles\source\DaisTile.cpp" />
		<Unit filename="world\tiles\source\DesertTile.cpp" />
		<Unit filename="world\tiles\source\DownStaircaseTile.cpp" />
		<Unit filename="world\tiles\source\DungeonComplexTile.cpp" />
		<Unit filename="world\tiles\source\DungeonTile.cpp" />
		<Unit filename="world\tiles\source\FieldTile.cpp" />
		<Unit filename="world\tiles\source\ForestTile.cpp" />
		<Unit filename="world\tiles\source\GraveTile.cpp" />
		<Unit filename="world\tiles\source\GraveyardTile.cpp" />
		<Unit filename="world\tiles\source\HillsTile.cpp" />
		<Unit filename="world\tiles\source\KeepTile.cpp" />
		<Unit filename="world\tiles\source\LibraryTile.cpp" />
		<Unit filename="world\tiles\source\MarshTile.cpp" />
		<Unit filename="world\tiles\source\MountainsTile.cpp" />
		<Unit filename="world\tiles\source\ReedsTile.cpp" />
		<Unit filename="world\tiles\source\RiverTile.cpp" />
		<Unit filename="world\tiles\source\RoadTile.cpp" />
		<Unit filename="world\tiles\source\RockTile.cpp" />
		<Unit filename="world\tiles\source\ScrubTile.cpp" />
		<Unit filename="world\tiles\source\SeaTile.cpp" />
		<Unit filename="world\tiles\source\ShoalsTile.cpp" />
		<Unit filename="world\tiles\source\SiteOfDeathTile.cpp" />
		<Unit filename="world\tiles\source\SpringsTile.cpp" />
		<Unit filename="world\tiles\source\StaircaseTile.cpp" />
		<Unit filename="world\tiles\source\TempleTile.cpp" />
		<Unit filename="world\tiles\source\Tile.cpp" />
		<Unit filename="world\tiles\source\TreeTile.cpp" />
		<Unit filename="world\tiles\source\UpStaircaseTile.cpp" />
		<Unit filename="world\tiles\source\VillageTile.cpp" />
		<Unit filename="world\tiles\source\WeedsTile.cpp" />
		<Unit filename="world\tiles\source\WheatTile.cpp" />
		<Unit filename="world\tiles\source\WorldMapTile.cpp" />
		<Unit filename="world\tiles\source\WorshipSiteTile.cpp" />
		<Unit filename="world\tiles\source\unit_tests\BeachTile_test.cpp">
			<Option target="&lt;{~None~}&gt;" />
		</Unit>
		<Unit filename="world\tiles\source\unit_tests\BushTile_test.cpp">
			<Option target="&lt;{~None~}&gt;" />
		</Unit>
		<Unit filename="world\tiles\source\unit_tests\CairnTile_test.cpp">
			<Option target="&lt;{~None~}&gt;" />
		</Unit>
		<Unit filename="world\tiles\source\unit_tests\CavernTile_test.cpp">
			<Option target="&lt;{~None~}&gt;" />
		</Unit>
		<Unit filename="world\tiles\source\unit_tests\DesertTile_test.cpp">
			<Option target="&lt;{~None~}&gt;" />
		</Unit>
		<Unit filename="world\tiles\source\unit_tests\DownStaircaseTile_test.cpp">
			<Option target="&lt;{~None~}&gt;" />
		</Unit>
		<Unit filename="world\tiles\source\unit_tests\DungeonTile_test.cpp">
			<Option target="&lt;{~None~}&gt;" />
		</Unit>
		<Unit filename="world\tiles\source\unit_tests\FieldTile_test.cpp">
			<Option target="&lt;{~None~}&gt;" />
		</Unit>
		<Unit filename="world\tiles\source\unit_tests\ForestTile_test.cpp">
			<Option target="&lt;{~None~}&gt;" />
		</Unit>
		<Unit filename="world\tiles\source\unit_tests\GraveTile_test.cpp">
			<Option target="&lt;{~None~}&gt;" />
		</Unit>
		<Unit filename="world\tiles\source\unit_tests\HillsTile_test.cpp">
			<Option target="&lt;{~None~}&gt;" />
		</Unit>
		<Unit filename="world\tiles\source\unit_tests\MarshTile_test.cpp">
			<Option target="&lt;{~None~}&gt;" />
		</Unit>
		<Unit filename="world\tiles\source\unit_tests\MountainsTile_test.cpp">
			<Option target="&lt;{~None~}&gt;" />
		</Unit>
		<Unit filename="world\tiles\source\unit_tests\ReedsTile_test.cpp">
			<Option target="&lt;{~None~}&gt;" />
		</Unit>
		<Unit filename="world\tiles\source\unit_tests\RiverTile_test.cpp">
			<Option target="&lt;{~None~}&gt;" />
		</Unit>
		<Unit filename="world\tiles\source\unit_tests\RoadTile_test.cpp">
			<Option target="&lt;{~None~}&gt;" />
		</Unit>
		<Unit filename="world\tiles\source\unit_tests\RockTile_test.cpp">
			<Option target="&lt;{~None~}&gt;" />
		</Unit>
		<Unit filename="world\tiles\source\unit_tests\ScrubTile_test.cpp">
			<Option target="&lt;{~None~}&gt;" />
		</Unit>
		<Unit filename="world\tiles\source\unit_tests\SeaTile_test.cpp">
			<Option target="&lt;{~None~}&gt;" />
		</Unit>
		<Unit filename="world\tiles\source\unit_tests\ShoalsTile_test.cpp">
			<Option target="&lt;{~None~}&gt;" />
		</Unit>
		<Unit filename="world\tiles\source\unit_tests\SpringsTile_test.cpp">
			<Option target="&lt;{~None~}&gt;" />
		</Unit>
		<Unit filename="world\tiles\source\unit_tests\StaircaseTile_test.cpp">
			<Option target="&lt;{~None~}&gt;" />
		</Unit>
		<Unit filename="world\tiles\source\unit_tests\Tile_test.cpp">
			<Option target="&lt;{~None~}&gt;" />
		</Unit>
		<Unit filename="world\tiles\source\unit_tests\TreeTile_test.cpp">
			<Option target="&lt;{~None~}&gt;" />
		</Unit>
		<Unit filename="world\tiles\source\unit_tests\UpStaircaseTile_test.cpp">
			<Option target="&lt;{~None~}&gt;" />
		</Unit>
		<Unit filename="world\tiles\source\unit_tests\VillageTile_test.cpp">
			<Option target="&lt;{~None~}&gt;" />
		</Unit>
		<Unit filename="world\tiles\source\unit_tests\WeedsTile_test.cpp">
			<Option target="&lt;{~None~}&gt;" />
		</Unit>
		<Unit filename="world\tiles\source\unit_tests\WheatTile_test.cpp">
			<Option target="&lt;{~None~}&gt;" />
		</Unit>
		<Extensions>
			<code_completion />
			<debugger>
				<search_path add="C:\cygwin\home\Julian\jrcpp\" />
				<search_path add="display\source" />
				<search_path add="engine\calculators\source" />
				<search_path add="engine\generators\source" />
				<search_path add="engine\menus\source" />
				<search_path add="engine\source" />
				<search_path add="engine\XML\source" />
				<search_path add="world\source" />
				<search_path add="world\tiles\source" />
				<search_path add="engine\decision_strategies\source" />
				<search_path add="engine\commands\source" />
				<search_path add="controller\source" />
			</debugger>
			<wxsmith version="1">
				<gui name="wxWidgets" src="" main="" init_handlers="necessary" language="CPP" />
			</wxsmith>
		</Extensions>
	</Project>
</CodeBlocks_project_file>
