
Microsoft Visual Studio Solution File, Format Version 12.00
# Visual Studio Version 17
VisualStudioVersion = 17.12.35728.132 d17.12
MinimumVisualStudioVersion = 10.0.40219.1
Project("{8BC9CEB8-8B4A-11D0-8D11-00A0C91BC942}") = "ShadowOfTheWyrm", "ShadowOfTheWyrm.vcxproj", "{4FC44FC7-10E9-CC58-62F0-8D757542DDAF}"
EndProject
Global
	GlobalSection(SolutionConfigurationPlatforms) = preSolution
		Debug|Win32 = Debug|Win32
		Debug|x64 = Debug|x64
		MapTester|Win32 = MapTester|Win32
		MapTester|x64 = MapTester|x64
		Release - Curses Only|Win32 = Release - Curses Only|Win32
		Release - Curses Only|x64 = Release - Curses Only|x64
		Release|Win32 = Release|Win32
		Release|x64 = Release|x64
	EndGlobalSection
	GlobalSection(ProjectConfigurationPlatforms) = postSolution
		{4FC44FC7-10E9-CC58-62F0-8D757542DDAF}.Debug|Win32.ActiveCfg = Debug|Win32
		{4FC44FC7-10E9-CC58-62F0-8D757542DDAF}.Debug|Win32.Build.0 = Debug|Win32
		{4FC44FC7-10E9-CC58-62F0-8D757542DDAF}.Debug|x64.ActiveCfg = Debug|x64
		{4FC44FC7-10E9-CC58-62F0-8D757542DDAF}.Debug|x64.Build.0 = Debug|x64
		{4FC44FC7-10E9-CC58-62F0-8D757542DDAF}.MapTester|Win32.ActiveCfg = MapTester|Win32
		{4FC44FC7-10E9-CC58-62F0-8D757542DDAF}.MapTester|Win32.Build.0 = MapTester|Win32
		{4FC44FC7-10E9-CC58-62F0-8D757542DDAF}.MapTester|x64.ActiveCfg = MapTester|x64
		{4FC44FC7-10E9-CC58-62F0-8D757542DDAF}.MapTester|x64.Build.0 = MapTester|x64
		{4FC44FC7-10E9-CC58-62F0-8D757542DDAF}.Release - Curses Only|Win32.ActiveCfg = Release - Curses Only|Win32
		{4FC44FC7-10E9-CC58-62F0-8D757542DDAF}.Release - Curses Only|Win32.Build.0 = Release - Curses Only|Win32
		{4FC44FC7-10E9-CC58-62F0-8D757542DDAF}.Release - Curses Only|x64.ActiveCfg = Release - Curses Only|x64
		{4FC44FC7-10E9-CC58-62F0-8D757542DDAF}.Release - Curses Only|x64.Build.0 = Release - Curses Only|x64
		{4FC44FC7-10E9-CC58-62F0-8D757542DDAF}.Release|Win32.ActiveCfg = Release|Win32
		{4FC44FC7-10E9-CC58-62F0-8D757542DDAF}.Release|Win32.Build.0 = Release|Win32
		{4FC44FC7-10E9-CC58-62F0-8D757542DDAF}.Release|x64.ActiveCfg = Release|x64
		{4FC44FC7-10E9-CC58-62F0-8D757542DDAF}.Release|x64.Build.0 = Release|x64
	EndGlobalSection
	GlobalSection(SolutionProperties) = preSolution
		HideSolutionNode = FALSE
	EndGlobalSection
	GlobalSection(ExtensibilityGlobals) = postSolution
		SolutionGuid = {4A1F1365-ABFA-4A93-9E8B-4AA6B0F9F930}
	EndGlobalSection
EndGlobal
